// !$*UTF8*$!
{
	archiveVersion = 1;
	classes = {
	};
	objectVersion = 46;
	objects = {

/* Begin PBXBuildFile section */
		34638CA1E9A08C2EF7EDCA4B /* Pods_Timmee.framework in Frameworks */ = {isa = PBXBuildFile; fileRef = 6F32F20A366F046EF746BBA4 /* Pods_Timmee.framework */; };
		960A0DDC1F921551003DCDAD /* BiometricsActivationController.swift in Sources */ = {isa = PBXBuildFile; fileRef = 960A0DDB1F921551003DCDAD /* BiometricsActivationController.swift */; };
		960A0DDE1F9533FA003DCDAD /* TableListRepresentationCell.swift in Sources */ = {isa = PBXBuildFile; fileRef = 960A0DDD1F9533FA003DCDAD /* TableListRepresentationCell.swift */; };
		96115F251F6AD5500050D7A3 /* UITableView+hideSwipeCell.swift in Sources */ = {isa = PBXBuildFile; fileRef = 96115F241F6AD5500050D7A3 /* UITableView+hideSwipeCell.swift */; };
		96115F2A1F6B0C780050D7A3 /* StoryboardsFactory.swift in Sources */ = {isa = PBXBuildFile; fileRef = 96115F291F6B0C780050D7A3 /* StoryboardsFactory.swift */; };
		96115F2C1F6B0D700050D7A3 /* ViewControllersFactory.swift in Sources */ = {isa = PBXBuildFile; fileRef = 96115F2B1F6B0D700050D7A3 /* ViewControllersFactory.swift */; };
		96115F2E1F6D3D6D0050D7A3 /* PresentTransition.swift in Sources */ = {isa = PBXBuildFile; fileRef = 96115F2D1F6D3D6D0050D7A3 /* PresentTransition.swift */; };
		96115F301F6E52420050D7A3 /* CheckBox.swift in Sources */ = {isa = PBXBuildFile; fileRef = 96115F2F1F6E52420050D7A3 /* CheckBox.swift */; };
		96115F321F6E6EBE0050D7A3 /* TaskParameterView.swift in Sources */ = {isa = PBXBuildFile; fileRef = 96115F311F6E6EBE0050D7A3 /* TaskParameterView.swift */; };
		96115F341F6E7D0B0050D7A3 /* HiddingParameterView.swift in Sources */ = {isa = PBXBuildFile; fileRef = 96115F331F6E7D0B0050D7A3 /* HiddingParameterView.swift */; };
		96115F361F6E7E5D0050D7A3 /* TaskCheckableParameterView.swift in Sources */ = {isa = PBXBuildFile; fileRef = 96115F351F6E7E5D0050D7A3 /* TaskCheckableParameterView.swift */; };
		96115F3A1F6E89000050D7A3 /* TaskCategoryPicker.swift in Sources */ = {isa = PBXBuildFile; fileRef = 96115F391F6E89000050D7A3 /* TaskCategoryPicker.swift */; };
		96115F3E1F6E93680050D7A3 /* TaskEditorPresenter.swift in Sources */ = {isa = PBXBuildFile; fileRef = 96115F3D1F6E93680050D7A3 /* TaskEditorPresenter.swift */; };
		96115F401F6E97540050D7A3 /* TaskEditorInteractor.swift in Sources */ = {isa = PBXBuildFile; fileRef = 96115F3F1F6E97540050D7A3 /* TaskEditorInteractor.swift */; };
		96115F421F6E99F30050D7A3 /* TaskEditorRouter.swift in Sources */ = {isa = PBXBuildFile; fileRef = 96115F411F6E99F30050D7A3 /* TaskEditorRouter.swift */; };
		96115F441F6E9B580050D7A3 /* TaskEditorAssembly.swift in Sources */ = {isa = PBXBuildFile; fileRef = 96115F431F6E9B580050D7A3 /* TaskEditorAssembly.swift */; };
		96115F461F6ECF9F0050D7A3 /* String+Trimmed.swift in Sources */ = {isa = PBXBuildFile; fileRef = 96115F451F6ECF9F0050D7A3 /* String+Trimmed.swift */; };
		96115F511F6EED140050D7A3 /* TaskParameterEditorContainer.swift in Sources */ = {isa = PBXBuildFile; fileRef = 96115F501F6EED140050D7A3 /* TaskParameterEditorContainer.swift */; };
		96115F531F6EEE650050D7A3 /* TaskParameterEditors.storyboard in Resources */ = {isa = PBXBuildFile; fileRef = 96115F521F6EEE650050D7A3 /* TaskParameterEditors.storyboard */; };
		96115F571F70E7CC0050D7A3 /* NearestDate.swift in Sources */ = {isa = PBXBuildFile; fileRef = 96115F561F70E7CC0050D7A3 /* NearestDate.swift */; };
		96115F591F70E8770050D7A3 /* Date.swift in Sources */ = {isa = PBXBuildFile; fileRef = 96115F581F70E8770050D7A3 /* Date.swift */; };
		96115F5B1F70EA3C0050D7A3 /* TaskReminderEditor.swift in Sources */ = {isa = PBXBuildFile; fileRef = 96115F5A1F70EA3C0050D7A3 /* TaskReminderEditor.swift */; };
		96115F5D1F7198AF0050D7A3 /* FadeBackgroundModalTransition.swift in Sources */ = {isa = PBXBuildFile; fileRef = 96115F5C1F7198AF0050D7A3 /* FadeBackgroundModalTransition.swift */; };
		96115F5F1F72E35C0050D7A3 /* CalendarDayCell.swift in Sources */ = {isa = PBXBuildFile; fileRef = 96115F5E1F72E35C0050D7A3 /* CalendarDayCell.swift */; };
		96115F611F72E3BB0050D7A3 /* CalendarView.swift in Sources */ = {isa = PBXBuildFile; fileRef = 96115F601F72E3BB0050D7A3 /* CalendarView.swift */; };
		96115F631F72E4060050D7A3 /* Calendar.swift in Sources */ = {isa = PBXBuildFile; fileRef = 96115F621F72E4060050D7A3 /* Calendar.swift */; };
		96115F651F72E7350050D7A3 /* TaskDueDateEditor.swift in Sources */ = {isa = PBXBuildFile; fileRef = 96115F641F72E7350050D7A3 /* TaskDueDateEditor.swift */; };
		962C7B371F58810500639DD6 /* ListSorting.swift in Sources */ = {isa = PBXBuildFile; fileRef = 962C7B361F58810500639DD6 /* ListSorting.swift */; };
		9631790D1F513BFC007F7F53 /* ListIcon.swift in Sources */ = {isa = PBXBuildFile; fileRef = 9631790C1F513BFC007F7F53 /* ListIcon.swift */; };
		9631790F1F515A4A007F7F53 /* RandomStringGenerator.swift in Sources */ = {isa = PBXBuildFile; fileRef = 9631790E1F515A4A007F7F53 /* RandomStringGenerator.swift */; };
		963179111F56CB40007F7F53 /* StorageObservable.swift in Sources */ = {isa = PBXBuildFile; fileRef = 963179101F56CB40007F7F53 /* StorageObservable.swift */; };
		963D6A371F59EBBB0063E295 /* ListRepresentationInput.swift in Sources */ = {isa = PBXBuildFile; fileRef = 963D6A301F59EBBB0063E295 /* ListRepresentationInput.swift */; };
		963D6A3F1F59EC7E0063E295 /* ListRepresentationManagerInput.swift in Sources */ = {isa = PBXBuildFile; fileRef = 963D6A3E1F59EC7E0063E295 /* ListRepresentationManagerInput.swift */; };
		963D6A411F59ECBD0063E295 /* ListRepresentation.swift in Sources */ = {isa = PBXBuildFile; fileRef = 963D6A401F59ECBD0063E295 /* ListRepresentation.swift */; };
		963D6A431F59ED240063E295 /* ListRepresentationManager.swift in Sources */ = {isa = PBXBuildFile; fileRef = 963D6A421F59ED240063E295 /* ListRepresentationManager.swift */; };
		963D6A451F5ADD140063E295 /* TableListRepresentationView.swift in Sources */ = {isa = PBXBuildFile; fileRef = 963D6A441F5ADD140063E295 /* TableListRepresentationView.swift */; };
		963D6A491F5AE1630063E295 /* TableListRepresentationPresenter.swift in Sources */ = {isa = PBXBuildFile; fileRef = 963D6A481F5AE1630063E295 /* TableListRepresentationPresenter.swift */; };
		963D6A4B1F5AE2440063E295 /* TableListRepresentationInteractor.swift in Sources */ = {isa = PBXBuildFile; fileRef = 963D6A4A1F5AE2440063E295 /* TableListRepresentationInteractor.swift */; };
		963D6A4D1F5AE51D0063E295 /* Task.swift in Sources */ = {isa = PBXBuildFile; fileRef = 963D6A4C1F5AE51D0063E295 /* Task.swift */; };
		963D6A4F1F5AE77F0063E295 /* TasksService.swift in Sources */ = {isa = PBXBuildFile; fileRef = 963D6A4E1F5AE77F0063E295 /* TasksService.swift */; };
		963D6A511F5AE8FC0063E295 /* TaskEntity+Mapping.swift in Sources */ = {isa = PBXBuildFile; fileRef = 963D6A501F5AE8FC0063E295 /* TaskEntity+Mapping.swift */; };
		963D6A531F5AECD20063E295 /* TableListRepresentationAssembly.swift in Sources */ = {isa = PBXBuildFile; fileRef = 963D6A521F5AECD20063E295 /* TableListRepresentationAssembly.swift */; };
		963D6A551F5AEDB50063E295 /* ListRepresentations.storyboard in Resources */ = {isa = PBXBuildFile; fileRef = 963D6A541F5AEDB50063E295 /* ListRepresentations.storyboard */; };
		963D6A571F5B262A0063E295 /* ListRepresentationOutput.swift in Sources */ = {isa = PBXBuildFile; fileRef = 963D6A561F5B262A0063E295 /* ListRepresentationOutput.swift */; };
		963D6A611F5C42990063E295 /* TaskEditor.storyboard in Resources */ = {isa = PBXBuildFile; fileRef = 963D6A601F5C42990063E295 /* TaskEditor.storyboard */; };
		963D6A631F5C60CA0063E295 /* GrowingTextView.swift in Sources */ = {isa = PBXBuildFile; fileRef = 963D6A621F5C60CA0063E295 /* GrowingTextView.swift */; };
		963D6A651F5C73650063E295 /* TaskEditorView.swift in Sources */ = {isa = PBXBuildFile; fileRef = 963D6A641F5C73650063E295 /* TaskEditorView.swift */; };
		963D6A681F5EF3390063E295 /* Localizable.strings in Resources */ = {isa = PBXBuildFile; fileRef = 963D6A6A1F5EF3390063E295 /* Localizable.strings */; };
		963D6A6F1F5EF48F0063E295 /* String+Localized.swift in Sources */ = {isa = PBXBuildFile; fileRef = 963D6A6E1F5EF48F0063E295 /* String+Localized.swift */; };
		963D6A711F5EF9250063E295 /* AppThemeConfigurator.swift in Sources */ = {isa = PBXBuildFile; fileRef = 963D6A701F5EF9250063E295 /* AppThemeConfigurator.swift */; };
		963D6A731F5EF9790063E295 /* AppTheme.swift in Sources */ = {isa = PBXBuildFile; fileRef = 963D6A721F5EF9790063E295 /* AppTheme.swift */; };
		963D6A7C1F606A120063E295 /* MainTop.storyboard in Resources */ = {isa = PBXBuildFile; fileRef = 963D6A7B1F606A120063E295 /* MainTop.storyboard */; };
		963D6A7E1F60711C0063E295 /* MainTopViewController.swift in Sources */ = {isa = PBXBuildFile; fileRef = 963D6A7D1F60711C0063E295 /* MainTopViewController.swift */; };
		963D6A801F6071470063E295 /* ControlPanel.swift in Sources */ = {isa = PBXBuildFile; fileRef = 963D6A7F1F6071470063E295 /* ControlPanel.swift */; };
		963D6A841F60746A0063E295 /* ListCell.swift in Sources */ = {isa = PBXBuildFile; fileRef = 963D6A831F60746A0063E295 /* ListCell.swift */; };
		963D6A861F6074F20063E295 /* ListsInteractor.swift in Sources */ = {isa = PBXBuildFile; fileRef = 963D6A851F6074F20063E295 /* ListsInteractor.swift */; };
		963D6A881F61433F0063E295 /* PassthrowView.swift in Sources */ = {isa = PBXBuildFile; fileRef = 963D6A871F61433F0063E295 /* PassthrowView.swift */; };
		963D6A8A1F6187A20063E295 /* BarView.swift in Sources */ = {isa = PBXBuildFile; fileRef = 963D6A891F6187A20063E295 /* BarView.swift */; };
		96477A541F80F371005C3520 /* Localizable.stringsdict in Resources */ = {isa = PBXBuildFile; fileRef = 96477A521F80F371005C3520 /* Localizable.stringsdict */; };
		96477A581F8112E8005C3520 /* KeyboardManager.swift in Sources */ = {isa = PBXBuildFile; fileRef = 96477A571F8112E8005C3520 /* KeyboardManager.swift */; };
		96477A601F8131BE005C3520 /* TasksImportView.swift in Sources */ = {isa = PBXBuildFile; fileRef = 96477A5F1F8131BE005C3520 /* TasksImportView.swift */; };
		96477A621F8135E3005C3520 /* TasksImportCell.swift in Sources */ = {isa = PBXBuildFile; fileRef = 96477A611F8135E3005C3520 /* TasksImportCell.swift */; };
		96477A641F814649005C3520 /* TasksImportInteractor.swift in Sources */ = {isa = PBXBuildFile; fileRef = 96477A631F814649005C3520 /* TasksImportInteractor.swift */; };
		96477A661F81493E005C3520 /* TasksImportPresenter.swift in Sources */ = {isa = PBXBuildFile; fileRef = 96477A651F81493E005C3520 /* TasksImportPresenter.swift */; };
		96477A691F81499C005C3520 /* TasksImportRouter.swift in Sources */ = {isa = PBXBuildFile; fileRef = 96477A681F81499C005C3520 /* TasksImportRouter.swift */; };
		96477A6B1F814CC2005C3520 /* TasksImportAssembly.swift in Sources */ = {isa = PBXBuildFile; fileRef = 96477A6A1F814CC2005C3520 /* TasksImportAssembly.swift */; };
		965798CC1F9133D800F65019 /* Pin.storyboard in Resources */ = {isa = PBXBuildFile; fileRef = 965798CB1F9133D800F65019 /* Pin.storyboard */; };
		965798D31F91340100F65019 /* NumberPadAdapter.swift in Sources */ = {isa = PBXBuildFile; fileRef = 965798CE1F91340100F65019 /* NumberPadAdapter.swift */; };
		965798D41F91340100F65019 /* NumberPadCells.swift in Sources */ = {isa = PBXBuildFile; fileRef = 965798CF1F91340100F65019 /* NumberPadCells.swift */; };
		965798D51F91340100F65019 /* NumberPadItem.swift in Sources */ = {isa = PBXBuildFile; fileRef = 965798D01F91340100F65019 /* NumberPadItem.swift */; };
		965798D61F91340100F65019 /* PinAuthenticationViewController.swift in Sources */ = {isa = PBXBuildFile; fileRef = 965798D11F91340100F65019 /* PinAuthenticationViewController.swift */; };
		965798D71F91340100F65019 /* PinCreationViewController.swift in Sources */ = {isa = PBXBuildFile; fileRef = 965798D21F91340100F65019 /* PinCreationViewController.swift */; };
		965798D91F9136BE00F65019 /* String+Encryption.swift in Sources */ = {isa = PBXBuildFile; fileRef = 965798D81F9136BE00F65019 /* String+Encryption.swift */; };
		96636A351F8655DB00C84FD4 /* SubtaskEntity+Mapping.swift in Sources */ = {isa = PBXBuildFile; fileRef = 96636A341F8655DB00C84FD4 /* SubtaskEntity+Mapping.swift */; };
		96636A371F86560600C84FD4 /* Subtask.swift in Sources */ = {isa = PBXBuildFile; fileRef = 96636A361F86560600C84FD4 /* Subtask.swift */; };
		96636A391F86592300C84FD4 /* SubtasksService.swift in Sources */ = {isa = PBXBuildFile; fileRef = 96636A381F86592300C84FD4 /* SubtasksService.swift */; };
		96636A3B1F88006100C84FD4 /* SubtaskCell.swift in Sources */ = {isa = PBXBuildFile; fileRef = 96636A3A1F88006100C84FD4 /* SubtaskCell.swift */; };
		9676290D1F69BC36001F5D99 /* MainContainerView.swift in Sources */ = {isa = PBXBuildFile; fileRef = 9676290B1F69BC36001F5D99 /* MainContainerView.swift */; };
		9676290F1F69CA60001F5D99 /* SwipeTableActionsProvider.swift in Sources */ = {isa = PBXBuildFile; fileRef = 9676290E1F69CA60001F5D99 /* SwipeTableActionsProvider.swift */; };
		969219CD1F9C8BCE006E47B4 /* TagsService.swift in Sources */ = {isa = PBXBuildFile; fileRef = 969219CC1F9C8BCE006E47B4 /* TagsService.swift */; };
		969219CF1F9C901A006E47B4 /* TagEntity+Mapping.swift in Sources */ = {isa = PBXBuildFile; fileRef = 969219CE1F9C901A006E47B4 /* TagEntity+Mapping.swift */; };
		969219D11F9C9568006E47B4 /* TaskTagsView.swift in Sources */ = {isa = PBXBuildFile; fileRef = 969219D01F9C9568006E47B4 /* TaskTagsView.swift */; };
		969219D31F9CCEA4006E47B4 /* ColorPicker.swift in Sources */ = {isa = PBXBuildFile; fileRef = 969219D21F9CCEA4006E47B4 /* ColorPicker.swift */; };
		96A14DF01F9C7BBB0028943C /* Tag.swift in Sources */ = {isa = PBXBuildFile; fileRef = 96A14DEF1F9C7BBB0028943C /* Tag.swift */; };
		96A14DF31F9C82220028943C /* TaskTagsPicker.swift in Sources */ = {isa = PBXBuildFile; fileRef = 96A14DF21F9C82220028943C /* TaskTagsPicker.swift */; };
		96A3761E1F9BC35A00A7C55C /* PlaceholderView.swift in Sources */ = {isa = PBXBuildFile; fileRef = 96A3761D1F9BC35A00A7C55C /* PlaceholderView.swift */; };
		96A376201F9BC60000A7C55C /* PlaceholderView.xib in Resources */ = {isa = PBXBuildFile; fileRef = 96A3761F1F9BC60000A7C55C /* PlaceholderView.xib */; };
		96A376221F9BC78800A7C55C /* UIView+nib.swift in Sources */ = {isa = PBXBuildFile; fileRef = 96A376211F9BC78800A7C55C /* UIView+nib.swift */; };
		96A5F0F91F49F26300F94553 /* Array+IndexOf.swift in Sources */ = {isa = PBXBuildFile; fileRef = 96A5F0F21F49F26300F94553 /* Array+IndexOf.swift */; };
		96A5F0FA1F49F26300F94553 /* Array+Item.swift in Sources */ = {isa = PBXBuildFile; fileRef = 96A5F0F31F49F26300F94553 /* Array+Item.swift */; };
		96A5F0FB1F49F26300F94553 /* Array+RemoveObject.swift in Sources */ = {isa = PBXBuildFile; fileRef = 96A5F0F41F49F26300F94553 /* Array+RemoveObject.swift */; };
		96A5F0FD1F49F26300F94553 /* Array+Unique.swift in Sources */ = {isa = PBXBuildFile; fileRef = 96A5F0F61F49F26300F94553 /* Array+Unique.swift */; };
		96A5F0FE1F49F26300F94553 /* Sequence+Categorised.swift in Sources */ = {isa = PBXBuildFile; fileRef = 96A5F0F71F49F26300F94553 /* Sequence+Categorised.swift */; };
		96A5F0FF1F49F26300F94553 /* Sequence+Dictionarised.swift in Sources */ = {isa = PBXBuildFile; fileRef = 96A5F0F81F49F26300F94553 /* Sequence+Dictionarised.swift */; };
		96A5F1031F49F2F300F94553 /* UIColor+HEX.swift in Sources */ = {isa = PBXBuildFile; fileRef = 96A5F1011F49F2F300F94553 /* UIColor+HEX.swift */; };
		96A5F1041F49F2F300F94553 /* UIImage+one-colored.swift in Sources */ = {isa = PBXBuildFile; fileRef = 96A5F1021F49F2F300F94553 /* UIImage+one-colored.swift */; };
		96A5F1071F49FA3C00F94553 /* String+capitalizeFirst.swift in Sources */ = {isa = PBXBuildFile; fileRef = 96A5F1061F49FA3C00F94553 /* String+capitalizeFirst.swift */; };
		96A5F10A1F49FA4B00F94553 /* UIColor+Interpolate.swift in Sources */ = {isa = PBXBuildFile; fileRef = 96A5F1081F49FA4B00F94553 /* UIColor+Interpolate.swift */; };
		96A5F10B1F49FA4B00F94553 /* UIImage+tint.swift in Sources */ = {isa = PBXBuildFile; fileRef = 96A5F1091F49FA4B00F94553 /* UIImage+tint.swift */; };
		96A5F10E1F49FC3F00F94553 /* SKProduct+localizedPrice.swift in Sources */ = {isa = PBXBuildFile; fileRef = 96A5F10D1F49FC3F00F94553 /* SKProduct+localizedPrice.swift */; };
		96A5F1121F4A0AD800F94553 /* UserProperties.swift in Sources */ = {isa = PBXBuildFile; fileRef = 96A5F1111F4A0AD800F94553 /* UserProperties.swift */; };
		96A5F1141F4A174600F94553 /* TaskCategory.swift in Sources */ = {isa = PBXBuildFile; fileRef = 96A5F1131F4A174600F94553 /* TaskCategory.swift */; };
		96A5F1161F4A18EE00F94553 /* RepeatMask.swift in Sources */ = {isa = PBXBuildFile; fileRef = 96A5F1151F4A18EE00F94553 /* RepeatMask.swift */; };
		96A5F1181F4A1A5100F94553 /* NotificationMask.swift in Sources */ = {isa = PBXBuildFile; fileRef = 96A5F1171F4A1A5100F94553 /* NotificationMask.swift */; };
		96A5F11C1F4D4D5900F94553 /* List.swift in Sources */ = {isa = PBXBuildFile; fileRef = 96A5F11B1F4D4D5900F94553 /* List.swift */; };
		96A5F11E1F4D500A00F94553 /* SmartList.swift in Sources */ = {isa = PBXBuildFile; fileRef = 96A5F11D1F4D500A00F94553 /* SmartList.swift */; };
		96A5F1201F4E01AB00F94553 /* ListsService.swift in Sources */ = {isa = PBXBuildFile; fileRef = 96A5F11F1F4E01AB00F94553 /* ListsService.swift */; };
		96A5F1241F4E034600F94553 /* DefaultStorage.swift in Sources */ = {isa = PBXBuildFile; fileRef = 96A5F1231F4E034600F94553 /* DefaultStorage.swift */; };
		96A5F1261F4FF48900F94553 /* ListEntity+Mapping.swift in Sources */ = {isa = PBXBuildFile; fileRef = 96A5F1251F4FF48900F94553 /* ListEntity+Mapping.swift */; };
		96A5F1331F507AC500F94553 /* GradientView.swift in Sources */ = {isa = PBXBuildFile; fileRef = 96A5F12C1F507AC500F94553 /* GradientView.swift */; };
		96A5F1351F507AC500F94553 /* NumPadButton.swift in Sources */ = {isa = PBXBuildFile; fileRef = 96A5F12E1F507AC500F94553 /* NumPadButton.swift */; };
		96A5F1361F507AC500F94553 /* PageControl.swift in Sources */ = {isa = PBXBuildFile; fileRef = 96A5F12F1F507AC500F94553 /* PageControl.swift */; };
		96A5F1371F507AC500F94553 /* PinCodeView.swift in Sources */ = {isa = PBXBuildFile; fileRef = 96A5F1301F507AC500F94553 /* PinCodeView.swift */; };
		96A5F1381F507AC500F94553 /* WeekDaysPicker.swift in Sources */ = {isa = PBXBuildFile; fileRef = 96A5F1311F507AC500F94553 /* WeekDaysPicker.swift */; };
		96A5F13E1F507B1100F94553 /* Main.storyboard in Resources */ = {isa = PBXBuildFile; fileRef = 96A5F13D1F507B1100F94553 /* Main.storyboard */; };
		96A820FD1F743D0D00F2AA68 /* NumberPicker.swift in Sources */ = {isa = PBXBuildFile; fileRef = 96A820FC1F743D0D00F2AA68 /* NumberPicker.swift */; };
		96A820FF1F74E3B200F2AA68 /* TaskSchedulerService.swift in Sources */ = {isa = PBXBuildFile; fileRef = 96A820FE1F74E3B200F2AA68 /* TaskSchedulerService.swift */; };
		96A821011F7594B800F2AA68 /* TaskLocationEditor.swift in Sources */ = {isa = PBXBuildFile; fileRef = 96A821001F7594B800F2AA68 /* TaskLocationEditor.swift */; };
		96A8217D1F7904B400F2AA68 /* SwipeTaskActionsProvider.swift in Sources */ = {isa = PBXBuildFile; fileRef = 96A8217C1F7904B400F2AA68 /* SwipeTaskActionsProvider.swift */; };
		96A821811F7AD8E200F2AA68 /* TaskRepeatingEditor.swift in Sources */ = {isa = PBXBuildFile; fileRef = 96A821801F7AD8E200F2AA68 /* TaskRepeatingEditor.swift */; };
		96A821831F7B818A00F2AA68 /* TaskIntervalRepeatingPicker.swift in Sources */ = {isa = PBXBuildFile; fileRef = 96A821821F7B818900F2AA68 /* TaskIntervalRepeatingPicker.swift */; };
		96A821851F7B81C500F2AA68 /* TaskWeeklyRepeatingPicker.swift in Sources */ = {isa = PBXBuildFile; fileRef = 96A821841F7B81C500F2AA68 /* TaskWeeklyRepeatingPicker.swift */; };
		96BE0A2E1F6314AE0041FBEA /* ListEditor.storyboard in Resources */ = {isa = PBXBuildFile; fileRef = 96BE0A2D1F6314AE0041FBEA /* ListEditor.storyboard */; };
		96BE0A301F63C3A50041FBEA /* ListEditorView.swift in Sources */ = {isa = PBXBuildFile; fileRef = 96BE0A2F1F63C3A50041FBEA /* ListEditorView.swift */; };
		96BE0A321F65B79C0041FBEA /* ListEditorPresenter.swift in Sources */ = {isa = PBXBuildFile; fileRef = 96BE0A311F65B79C0041FBEA /* ListEditorPresenter.swift */; };
		96BE0A341F65B8760041FBEA /* ListEditorInteractor.swift in Sources */ = {isa = PBXBuildFile; fileRef = 96BE0A331F65B8760041FBEA /* ListEditorInteractor.swift */; };
		96BE0A361F65BEB10041FBEA /* ListEditorRouter.swift in Sources */ = {isa = PBXBuildFile; fileRef = 96BE0A351F65BEB10041FBEA /* ListEditorRouter.swift */; };
		96BE0A381F65BFB00041FBEA /* ListEditorAssembly.swift in Sources */ = {isa = PBXBuildFile; fileRef = 96BE0A371F65BFB00041FBEA /* ListEditorAssembly.swift */; };
		96BE0A3A1F665B390041FBEA /* TextView.swift in Sources */ = {isa = PBXBuildFile; fileRef = 96BE0A391F665B390041FBEA /* TextView.swift */; };
		96BE0A3C1F670E3C0041FBEA /* ListIconCell.swift in Sources */ = {isa = PBXBuildFile; fileRef = 96BE0A3B1F670E3C0041FBEA /* ListIconCell.swift */; };
		96E543531F49EBB20081C6F0 /* TimmeeTests.swift in Sources */ = {isa = PBXBuildFile; fileRef = 96E543521F49EBB20081C6F0 /* TimmeeTests.swift */; };
		96E543781F49ED890081C6F0 /* Assets.xcassets in Resources */ = {isa = PBXBuildFile; fileRef = 96E5435F1F49ED890081C6F0 /* Assets.xcassets */; };
		96E543791F49ED890081C6F0 /* Timmee.xcdatamodeld in Sources */ = {isa = PBXBuildFile; fileRef = 96E543611F49ED890081C6F0 /* Timmee.xcdatamodeld */; };
		96E5437B1F49ED890081C6F0 /* LaunchScreen.storyboard in Resources */ = {isa = PBXBuildFile; fileRef = 96E543681F49ED890081C6F0 /* LaunchScreen.storyboard */; };
		96E5437D1F49ED890081C6F0 /* AppDelegate.swift in Sources */ = {isa = PBXBuildFile; fileRef = 96E5436D1F49ED890081C6F0 /* AppDelegate.swift */; };
/* End PBXBuildFile section */

/* Begin PBXContainerItemProxy section */
		96E5434F1F49EBB20081C6F0 /* PBXContainerItemProxy */ = {
			isa = PBXContainerItemProxy;
			containerPortal = 96E5432F1F49EBB20081C6F0 /* Project object */;
			proxyType = 1;
			remoteGlobalIDString = 96E543361F49EBB20081C6F0;
			remoteInfo = Timmee;
		};
/* End PBXContainerItemProxy section */

/* Begin PBXFileReference section */
		548C5722BCCB07A0FFED4983 /* Pods-Timmee.debug.xcconfig */ = {isa = PBXFileReference; includeInIndex = 1; lastKnownFileType = text.xcconfig; name = "Pods-Timmee.debug.xcconfig"; path = "Pods/Target Support Files/Pods-Timmee/Pods-Timmee.debug.xcconfig"; sourceTree = "<group>"; };
		6F32F20A366F046EF746BBA4 /* Pods_Timmee.framework */ = {isa = PBXFileReference; explicitFileType = wrapper.framework; includeInIndex = 0; path = Pods_Timmee.framework; sourceTree = BUILT_PRODUCTS_DIR; };
		960A0DDB1F921551003DCDAD /* BiometricsActivationController.swift */ = {isa = PBXFileReference; lastKnownFileType = sourcecode.swift; path = BiometricsActivationController.swift; sourceTree = "<group>"; };
		960A0DDD1F9533FA003DCDAD /* TableListRepresentationCell.swift */ = {isa = PBXFileReference; lastKnownFileType = sourcecode.swift; path = TableListRepresentationCell.swift; sourceTree = "<group>"; };
		96115F241F6AD5500050D7A3 /* UITableView+hideSwipeCell.swift */ = {isa = PBXFileReference; fileEncoding = 4; lastKnownFileType = sourcecode.swift; path = "UITableView+hideSwipeCell.swift"; sourceTree = "<group>"; };
		96115F291F6B0C780050D7A3 /* StoryboardsFactory.swift */ = {isa = PBXFileReference; fileEncoding = 4; lastKnownFileType = sourcecode.swift; path = StoryboardsFactory.swift; sourceTree = "<group>"; };
		96115F2B1F6B0D700050D7A3 /* ViewControllersFactory.swift */ = {isa = PBXFileReference; fileEncoding = 4; lastKnownFileType = sourcecode.swift; path = ViewControllersFactory.swift; sourceTree = "<group>"; };
		96115F2D1F6D3D6D0050D7A3 /* PresentTransition.swift */ = {isa = PBXFileReference; fileEncoding = 4; lastKnownFileType = sourcecode.swift; path = PresentTransition.swift; sourceTree = "<group>"; };
		96115F2F1F6E52420050D7A3 /* CheckBox.swift */ = {isa = PBXFileReference; fileEncoding = 4; lastKnownFileType = sourcecode.swift; path = CheckBox.swift; sourceTree = "<group>"; };
		96115F311F6E6EBE0050D7A3 /* TaskParameterView.swift */ = {isa = PBXFileReference; fileEncoding = 4; lastKnownFileType = sourcecode.swift; path = TaskParameterView.swift; sourceTree = "<group>"; };
		96115F331F6E7D0B0050D7A3 /* HiddingParameterView.swift */ = {isa = PBXFileReference; fileEncoding = 4; lastKnownFileType = sourcecode.swift; path = HiddingParameterView.swift; sourceTree = "<group>"; };
		96115F351F6E7E5D0050D7A3 /* TaskCheckableParameterView.swift */ = {isa = PBXFileReference; fileEncoding = 4; lastKnownFileType = sourcecode.swift; path = TaskCheckableParameterView.swift; sourceTree = "<group>"; };
		96115F391F6E89000050D7A3 /* TaskCategoryPicker.swift */ = {isa = PBXFileReference; fileEncoding = 4; lastKnownFileType = sourcecode.swift; path = TaskCategoryPicker.swift; sourceTree = "<group>"; };
		96115F3D1F6E93680050D7A3 /* TaskEditorPresenter.swift */ = {isa = PBXFileReference; fileEncoding = 4; lastKnownFileType = sourcecode.swift; path = TaskEditorPresenter.swift; sourceTree = "<group>"; };
		96115F3F1F6E97540050D7A3 /* TaskEditorInteractor.swift */ = {isa = PBXFileReference; fileEncoding = 4; lastKnownFileType = sourcecode.swift; path = TaskEditorInteractor.swift; sourceTree = "<group>"; };
		96115F411F6E99F30050D7A3 /* TaskEditorRouter.swift */ = {isa = PBXFileReference; fileEncoding = 4; lastKnownFileType = sourcecode.swift; path = TaskEditorRouter.swift; sourceTree = "<group>"; };
		96115F431F6E9B580050D7A3 /* TaskEditorAssembly.swift */ = {isa = PBXFileReference; fileEncoding = 4; lastKnownFileType = sourcecode.swift; path = TaskEditorAssembly.swift; sourceTree = "<group>"; };
		96115F451F6ECF9F0050D7A3 /* String+Trimmed.swift */ = {isa = PBXFileReference; fileEncoding = 4; lastKnownFileType = sourcecode.swift; path = "String+Trimmed.swift"; sourceTree = "<group>"; };
		96115F501F6EED140050D7A3 /* TaskParameterEditorContainer.swift */ = {isa = PBXFileReference; fileEncoding = 4; lastKnownFileType = sourcecode.swift; path = TaskParameterEditorContainer.swift; sourceTree = "<group>"; };
		96115F521F6EEE650050D7A3 /* TaskParameterEditors.storyboard */ = {isa = PBXFileReference; fileEncoding = 4; lastKnownFileType = file.storyboard; path = TaskParameterEditors.storyboard; sourceTree = "<group>"; };
		96115F561F70E7CC0050D7A3 /* NearestDate.swift */ = {isa = PBXFileReference; fileEncoding = 4; lastKnownFileType = sourcecode.swift; path = NearestDate.swift; sourceTree = "<group>"; };
		96115F581F70E8770050D7A3 /* Date.swift */ = {isa = PBXFileReference; fileEncoding = 4; lastKnownFileType = sourcecode.swift; path = Date.swift; sourceTree = "<group>"; };
		96115F5A1F70EA3C0050D7A3 /* TaskReminderEditor.swift */ = {isa = PBXFileReference; fileEncoding = 4; lastKnownFileType = sourcecode.swift; path = TaskReminderEditor.swift; sourceTree = "<group>"; };
		96115F5C1F7198AF0050D7A3 /* FadeBackgroundModalTransition.swift */ = {isa = PBXFileReference; fileEncoding = 4; lastKnownFileType = sourcecode.swift; path = FadeBackgroundModalTransition.swift; sourceTree = "<group>"; };
		96115F5E1F72E35C0050D7A3 /* CalendarDayCell.swift */ = {isa = PBXFileReference; fileEncoding = 4; lastKnownFileType = sourcecode.swift; path = CalendarDayCell.swift; sourceTree = "<group>"; };
		96115F601F72E3BB0050D7A3 /* CalendarView.swift */ = {isa = PBXFileReference; fileEncoding = 4; lastKnownFileType = sourcecode.swift; path = CalendarView.swift; sourceTree = "<group>"; };
		96115F621F72E4060050D7A3 /* Calendar.swift */ = {isa = PBXFileReference; fileEncoding = 4; lastKnownFileType = sourcecode.swift; path = Calendar.swift; sourceTree = "<group>"; };
		96115F641F72E7350050D7A3 /* TaskDueDateEditor.swift */ = {isa = PBXFileReference; fileEncoding = 4; lastKnownFileType = sourcecode.swift; path = TaskDueDateEditor.swift; sourceTree = "<group>"; };
		961D67691FA65F3900511042 /* NextGrowingInternalTextView.swift */ = {isa = PBXFileReference; lastKnownFileType = sourcecode.swift; path = NextGrowingInternalTextView.swift; sourceTree = "<group>"; };
		961D676A1FA65F3900511042 /* NextGrowingTextView.swift */ = {isa = PBXFileReference; lastKnownFileType = sourcecode.swift; path = NextGrowingTextView.swift; sourceTree = "<group>"; };
		962C7B361F58810500639DD6 /* ListSorting.swift */ = {isa = PBXFileReference; fileEncoding = 4; lastKnownFileType = sourcecode.swift; path = ListSorting.swift; sourceTree = "<group>"; };
		9631790C1F513BFC007F7F53 /* ListIcon.swift */ = {isa = PBXFileReference; fileEncoding = 4; lastKnownFileType = sourcecode.swift; path = ListIcon.swift; sourceTree = "<group>"; };
		9631790E1F515A4A007F7F53 /* RandomStringGenerator.swift */ = {isa = PBXFileReference; fileEncoding = 4; lastKnownFileType = sourcecode.swift; path = RandomStringGenerator.swift; sourceTree = "<group>"; };
		963179101F56CB40007F7F53 /* StorageObservable.swift */ = {isa = PBXFileReference; fileEncoding = 4; lastKnownFileType = sourcecode.swift; path = StorageObservable.swift; sourceTree = "<group>"; };
		963D6A301F59EBBB0063E295 /* ListRepresentationInput.swift */ = {isa = PBXFileReference; fileEncoding = 4; lastKnownFileType = sourcecode.swift; path = ListRepresentationInput.swift; sourceTree = "<group>"; };
		963D6A3E1F59EC7E0063E295 /* ListRepresentationManagerInput.swift */ = {isa = PBXFileReference; fileEncoding = 4; lastKnownFileType = sourcecode.swift; path = ListRepresentationManagerInput.swift; sourceTree = "<group>"; };
		963D6A401F59ECBD0063E295 /* ListRepresentation.swift */ = {isa = PBXFileReference; fileEncoding = 4; lastKnownFileType = sourcecode.swift; path = ListRepresentation.swift; sourceTree = "<group>"; };
		963D6A421F59ED240063E295 /* ListRepresentationManager.swift */ = {isa = PBXFileReference; fileEncoding = 4; lastKnownFileType = sourcecode.swift; path = ListRepresentationManager.swift; sourceTree = "<group>"; };
		963D6A441F5ADD140063E295 /* TableListRepresentationView.swift */ = {isa = PBXFileReference; fileEncoding = 4; lastKnownFileType = sourcecode.swift; path = TableListRepresentationView.swift; sourceTree = "<group>"; };
		963D6A481F5AE1630063E295 /* TableListRepresentationPresenter.swift */ = {isa = PBXFileReference; fileEncoding = 4; lastKnownFileType = sourcecode.swift; path = TableListRepresentationPresenter.swift; sourceTree = "<group>"; };
		963D6A4A1F5AE2440063E295 /* TableListRepresentationInteractor.swift */ = {isa = PBXFileReference; fileEncoding = 4; lastKnownFileType = sourcecode.swift; path = TableListRepresentationInteractor.swift; sourceTree = "<group>"; };
		963D6A4C1F5AE51D0063E295 /* Task.swift */ = {isa = PBXFileReference; fileEncoding = 4; lastKnownFileType = sourcecode.swift; path = Task.swift; sourceTree = "<group>"; };
		963D6A4E1F5AE77F0063E295 /* TasksService.swift */ = {isa = PBXFileReference; fileEncoding = 4; lastKnownFileType = sourcecode.swift; path = TasksService.swift; sourceTree = "<group>"; };
		963D6A501F5AE8FC0063E295 /* TaskEntity+Mapping.swift */ = {isa = PBXFileReference; fileEncoding = 4; lastKnownFileType = sourcecode.swift; path = "TaskEntity+Mapping.swift"; sourceTree = "<group>"; };
		963D6A521F5AECD20063E295 /* TableListRepresentationAssembly.swift */ = {isa = PBXFileReference; fileEncoding = 4; lastKnownFileType = sourcecode.swift; path = TableListRepresentationAssembly.swift; sourceTree = "<group>"; };
		963D6A541F5AEDB50063E295 /* ListRepresentations.storyboard */ = {isa = PBXFileReference; fileEncoding = 4; lastKnownFileType = file.storyboard; path = ListRepresentations.storyboard; sourceTree = "<group>"; };
		963D6A561F5B262A0063E295 /* ListRepresentationOutput.swift */ = {isa = PBXFileReference; fileEncoding = 4; lastKnownFileType = sourcecode.swift; path = ListRepresentationOutput.swift; sourceTree = "<group>"; };
		963D6A601F5C42990063E295 /* TaskEditor.storyboard */ = {isa = PBXFileReference; fileEncoding = 4; lastKnownFileType = file.storyboard; path = TaskEditor.storyboard; sourceTree = "<group>"; };
		963D6A621F5C60CA0063E295 /* GrowingTextView.swift */ = {isa = PBXFileReference; fileEncoding = 4; lastKnownFileType = sourcecode.swift; path = GrowingTextView.swift; sourceTree = "<group>"; };
		963D6A641F5C73650063E295 /* TaskEditorView.swift */ = {isa = PBXFileReference; fileEncoding = 4; lastKnownFileType = sourcecode.swift; path = TaskEditorView.swift; sourceTree = "<group>"; };
		963D6A691F5EF3390063E295 /* Base */ = {isa = PBXFileReference; lastKnownFileType = text.plist.strings; name = Base; path = Base.lproj/Localizable.strings; sourceTree = "<group>"; };
		963D6A6C1F5EF35C0063E295 /* ru */ = {isa = PBXFileReference; lastKnownFileType = text.plist.strings; name = ru; path = ru.lproj/Localizable.strings; sourceTree = "<group>"; };
		963D6A6D1F5EF3660063E295 /* en */ = {isa = PBXFileReference; lastKnownFileType = text.plist.strings; name = en; path = en.lproj/Localizable.strings; sourceTree = "<group>"; };
		963D6A6E1F5EF48F0063E295 /* String+Localized.swift */ = {isa = PBXFileReference; fileEncoding = 4; lastKnownFileType = sourcecode.swift; path = "String+Localized.swift"; sourceTree = "<group>"; };
		963D6A701F5EF9250063E295 /* AppThemeConfigurator.swift */ = {isa = PBXFileReference; fileEncoding = 4; lastKnownFileType = sourcecode.swift; path = AppThemeConfigurator.swift; sourceTree = "<group>"; };
		963D6A721F5EF9790063E295 /* AppTheme.swift */ = {isa = PBXFileReference; fileEncoding = 4; lastKnownFileType = sourcecode.swift; path = AppTheme.swift; sourceTree = "<group>"; };
		963D6A7B1F606A120063E295 /* MainTop.storyboard */ = {isa = PBXFileReference; fileEncoding = 4; lastKnownFileType = file.storyboard; path = MainTop.storyboard; sourceTree = "<group>"; };
		963D6A7D1F60711C0063E295 /* MainTopViewController.swift */ = {isa = PBXFileReference; fileEncoding = 4; lastKnownFileType = sourcecode.swift; path = MainTopViewController.swift; sourceTree = "<group>"; };
		963D6A7F1F6071470063E295 /* ControlPanel.swift */ = {isa = PBXFileReference; fileEncoding = 4; lastKnownFileType = sourcecode.swift; path = ControlPanel.swift; sourceTree = "<group>"; };
		963D6A831F60746A0063E295 /* ListCell.swift */ = {isa = PBXFileReference; fileEncoding = 4; lastKnownFileType = sourcecode.swift; path = ListCell.swift; sourceTree = "<group>"; };
		963D6A851F6074F20063E295 /* ListsInteractor.swift */ = {isa = PBXFileReference; fileEncoding = 4; lastKnownFileType = sourcecode.swift; path = ListsInteractor.swift; sourceTree = "<group>"; };
		963D6A871F61433F0063E295 /* PassthrowView.swift */ = {isa = PBXFileReference; fileEncoding = 4; lastKnownFileType = sourcecode.swift; path = PassthrowView.swift; sourceTree = "<group>"; };
		963D6A891F6187A20063E295 /* BarView.swift */ = {isa = PBXFileReference; fileEncoding = 4; lastKnownFileType = sourcecode.swift; path = BarView.swift; sourceTree = "<group>"; };
		96477A531F80F371005C3520 /* Base */ = {isa = PBXFileReference; lastKnownFileType = text.plist.stringsdict; name = Base; path = Localization/Base.lproj/Localizable.stringsdict; sourceTree = "<group>"; };
		96477A551F80F383005C3520 /* en */ = {isa = PBXFileReference; lastKnownFileType = text.plist.stringsdict; name = en; path = Localization/en.lproj/Localizable.stringsdict; sourceTree = "<group>"; };
		96477A561F80F385005C3520 /* ru */ = {isa = PBXFileReference; lastKnownFileType = text.plist.stringsdict; name = ru; path = Localization/ru.lproj/Localizable.stringsdict; sourceTree = "<group>"; };
		96477A571F8112E8005C3520 /* KeyboardManager.swift */ = {isa = PBXFileReference; fileEncoding = 4; lastKnownFileType = sourcecode.swift; path = KeyboardManager.swift; sourceTree = "<group>"; };
		96477A5F1F8131BE005C3520 /* TasksImportView.swift */ = {isa = PBXFileReference; fileEncoding = 4; lastKnownFileType = sourcecode.swift; path = TasksImportView.swift; sourceTree = "<group>"; };
		96477A611F8135E3005C3520 /* TasksImportCell.swift */ = {isa = PBXFileReference; fileEncoding = 4; lastKnownFileType = sourcecode.swift; path = TasksImportCell.swift; sourceTree = "<group>"; };
		96477A631F814649005C3520 /* TasksImportInteractor.swift */ = {isa = PBXFileReference; fileEncoding = 4; lastKnownFileType = sourcecode.swift; path = TasksImportInteractor.swift; sourceTree = "<group>"; };
		96477A651F81493E005C3520 /* TasksImportPresenter.swift */ = {isa = PBXFileReference; fileEncoding = 4; lastKnownFileType = sourcecode.swift; path = TasksImportPresenter.swift; sourceTree = "<group>"; };
		96477A681F81499C005C3520 /* TasksImportRouter.swift */ = {isa = PBXFileReference; fileEncoding = 4; lastKnownFileType = sourcecode.swift; path = TasksImportRouter.swift; sourceTree = "<group>"; };
		96477A6A1F814CC2005C3520 /* TasksImportAssembly.swift */ = {isa = PBXFileReference; fileEncoding = 4; lastKnownFileType = sourcecode.swift; path = TasksImportAssembly.swift; sourceTree = "<group>"; };
		965798CB1F9133D800F65019 /* Pin.storyboard */ = {isa = PBXFileReference; fileEncoding = 4; lastKnownFileType = file.storyboard; path = Pin.storyboard; sourceTree = "<group>"; };
		965798CE1F91340100F65019 /* NumberPadAdapter.swift */ = {isa = PBXFileReference; fileEncoding = 4; lastKnownFileType = sourcecode.swift; path = NumberPadAdapter.swift; sourceTree = "<group>"; };
		965798CF1F91340100F65019 /* NumberPadCells.swift */ = {isa = PBXFileReference; fileEncoding = 4; lastKnownFileType = sourcecode.swift; path = NumberPadCells.swift; sourceTree = "<group>"; };
		965798D01F91340100F65019 /* NumberPadItem.swift */ = {isa = PBXFileReference; fileEncoding = 4; lastKnownFileType = sourcecode.swift; path = NumberPadItem.swift; sourceTree = "<group>"; };
		965798D11F91340100F65019 /* PinAuthenticationViewController.swift */ = {isa = PBXFileReference; fileEncoding = 4; lastKnownFileType = sourcecode.swift; path = PinAuthenticationViewController.swift; sourceTree = "<group>"; };
		965798D21F91340100F65019 /* PinCreationViewController.swift */ = {isa = PBXFileReference; fileEncoding = 4; lastKnownFileType = sourcecode.swift; path = PinCreationViewController.swift; sourceTree = "<group>"; };
		965798D81F9136BE00F65019 /* String+Encryption.swift */ = {isa = PBXFileReference; fileEncoding = 4; lastKnownFileType = sourcecode.swift; path = "String+Encryption.swift"; sourceTree = "<group>"; };
		965798DA1F9138B000F65019 /* BridgingHeader.h */ = {isa = PBXFileReference; lastKnownFileType = sourcecode.c.h; path = BridgingHeader.h; sourceTree = "<group>"; };
		96636A341F8655DB00C84FD4 /* SubtaskEntity+Mapping.swift */ = {isa = PBXFileReference; fileEncoding = 4; lastKnownFileType = sourcecode.swift; path = "SubtaskEntity+Mapping.swift"; sourceTree = "<group>"; };
		96636A361F86560600C84FD4 /* Subtask.swift */ = {isa = PBXFileReference; fileEncoding = 4; lastKnownFileType = sourcecode.swift; path = Subtask.swift; sourceTree = "<group>"; };
		96636A381F86592300C84FD4 /* SubtasksService.swift */ = {isa = PBXFileReference; fileEncoding = 4; lastKnownFileType = sourcecode.swift; path = SubtasksService.swift; sourceTree = "<group>"; };
		96636A3A1F88006100C84FD4 /* SubtaskCell.swift */ = {isa = PBXFileReference; fileEncoding = 4; lastKnownFileType = sourcecode.swift; path = SubtaskCell.swift; sourceTree = "<group>"; };
		9676290B1F69BC36001F5D99 /* MainContainerView.swift */ = {isa = PBXFileReference; fileEncoding = 4; lastKnownFileType = sourcecode.swift; path = MainContainerView.swift; sourceTree = "<group>"; };
		9676290E1F69CA60001F5D99 /* SwipeTableActionsProvider.swift */ = {isa = PBXFileReference; fileEncoding = 4; lastKnownFileType = sourcecode.swift; path = SwipeTableActionsProvider.swift; sourceTree = "<group>"; };
		969219CC1F9C8BCE006E47B4 /* TagsService.swift */ = {isa = PBXFileReference; lastKnownFileType = sourcecode.swift; path = TagsService.swift; sourceTree = "<group>"; };
		969219CE1F9C901A006E47B4 /* TagEntity+Mapping.swift */ = {isa = PBXFileReference; lastKnownFileType = sourcecode.swift; path = "TagEntity+Mapping.swift"; sourceTree = "<group>"; };
		969219D01F9C9568006E47B4 /* TaskTagsView.swift */ = {isa = PBXFileReference; lastKnownFileType = sourcecode.swift; path = TaskTagsView.swift; sourceTree = "<group>"; };
		969219D21F9CCEA4006E47B4 /* ColorPicker.swift */ = {isa = PBXFileReference; lastKnownFileType = sourcecode.swift; path = ColorPicker.swift; sourceTree = "<group>"; };
		96A14DEF1F9C7BBB0028943C /* Tag.swift */ = {isa = PBXFileReference; lastKnownFileType = sourcecode.swift; path = Tag.swift; sourceTree = "<group>"; };
		96A14DF21F9C82220028943C /* TaskTagsPicker.swift */ = {isa = PBXFileReference; lastKnownFileType = sourcecode.swift; path = TaskTagsPicker.swift; sourceTree = "<group>"; };
		96A3761D1F9BC35A00A7C55C /* PlaceholderView.swift */ = {isa = PBXFileReference; lastKnownFileType = sourcecode.swift; path = PlaceholderView.swift; sourceTree = "<group>"; };
		96A3761F1F9BC60000A7C55C /* PlaceholderView.xib */ = {isa = PBXFileReference; lastKnownFileType = file.xib; path = PlaceholderView.xib; sourceTree = "<group>"; };
		96A376211F9BC78800A7C55C /* UIView+nib.swift */ = {isa = PBXFileReference; lastKnownFileType = sourcecode.swift; path = "UIView+nib.swift"; sourceTree = "<group>"; };
		96A5F0F21F49F26300F94553 /* Array+IndexOf.swift */ = {isa = PBXFileReference; fileEncoding = 4; lastKnownFileType = sourcecode.swift; path = "Array+IndexOf.swift"; sourceTree = "<group>"; };
		96A5F0F31F49F26300F94553 /* Array+Item.swift */ = {isa = PBXFileReference; fileEncoding = 4; lastKnownFileType = sourcecode.swift; path = "Array+Item.swift"; sourceTree = "<group>"; };
		96A5F0F41F49F26300F94553 /* Array+RemoveObject.swift */ = {isa = PBXFileReference; fileEncoding = 4; lastKnownFileType = sourcecode.swift; path = "Array+RemoveObject.swift"; sourceTree = "<group>"; };
		96A5F0F61F49F26300F94553 /* Array+Unique.swift */ = {isa = PBXFileReference; fileEncoding = 4; lastKnownFileType = sourcecode.swift; path = "Array+Unique.swift"; sourceTree = "<group>"; };
		96A5F0F71F49F26300F94553 /* Sequence+Categorised.swift */ = {isa = PBXFileReference; fileEncoding = 4; lastKnownFileType = sourcecode.swift; path = "Sequence+Categorised.swift"; sourceTree = "<group>"; };
		96A5F0F81F49F26300F94553 /* Sequence+Dictionarised.swift */ = {isa = PBXFileReference; fileEncoding = 4; lastKnownFileType = sourcecode.swift; path = "Sequence+Dictionarised.swift"; sourceTree = "<group>"; };
		96A5F1011F49F2F300F94553 /* UIColor+HEX.swift */ = {isa = PBXFileReference; fileEncoding = 4; lastKnownFileType = sourcecode.swift; path = "UIColor+HEX.swift"; sourceTree = "<group>"; };
		96A5F1021F49F2F300F94553 /* UIImage+one-colored.swift */ = {isa = PBXFileReference; fileEncoding = 4; lastKnownFileType = sourcecode.swift; path = "UIImage+one-colored.swift"; sourceTree = "<group>"; };
		96A5F1061F49FA3C00F94553 /* String+capitalizeFirst.swift */ = {isa = PBXFileReference; fileEncoding = 4; lastKnownFileType = sourcecode.swift; path = "String+capitalizeFirst.swift"; sourceTree = "<group>"; };
		96A5F1081F49FA4B00F94553 /* UIColor+Interpolate.swift */ = {isa = PBXFileReference; fileEncoding = 4; lastKnownFileType = sourcecode.swift; path = "UIColor+Interpolate.swift"; sourceTree = "<group>"; };
		96A5F1091F49FA4B00F94553 /* UIImage+tint.swift */ = {isa = PBXFileReference; fileEncoding = 4; lastKnownFileType = sourcecode.swift; path = "UIImage+tint.swift"; sourceTree = "<group>"; };
		96A5F10D1F49FC3F00F94553 /* SKProduct+localizedPrice.swift */ = {isa = PBXFileReference; fileEncoding = 4; lastKnownFileType = sourcecode.swift; path = "SKProduct+localizedPrice.swift"; sourceTree = "<group>"; };
		96A5F1111F4A0AD800F94553 /* UserProperties.swift */ = {isa = PBXFileReference; fileEncoding = 4; lastKnownFileType = sourcecode.swift; path = UserProperties.swift; sourceTree = "<group>"; };
		96A5F1131F4A174600F94553 /* TaskCategory.swift */ = {isa = PBXFileReference; fileEncoding = 4; lastKnownFileType = sourcecode.swift; path = TaskCategory.swift; sourceTree = "<group>"; };
		96A5F1151F4A18EE00F94553 /* RepeatMask.swift */ = {isa = PBXFileReference; fileEncoding = 4; lastKnownFileType = sourcecode.swift; path = RepeatMask.swift; sourceTree = "<group>"; };
		96A5F1171F4A1A5100F94553 /* NotificationMask.swift */ = {isa = PBXFileReference; fileEncoding = 4; lastKnownFileType = sourcecode.swift; path = NotificationMask.swift; sourceTree = "<group>"; };
		96A5F11B1F4D4D5900F94553 /* List.swift */ = {isa = PBXFileReference; fileEncoding = 4; lastKnownFileType = sourcecode.swift; path = List.swift; sourceTree = "<group>"; };
		96A5F11D1F4D500A00F94553 /* SmartList.swift */ = {isa = PBXFileReference; fileEncoding = 4; lastKnownFileType = sourcecode.swift; path = SmartList.swift; sourceTree = "<group>"; };
		96A5F11F1F4E01AB00F94553 /* ListsService.swift */ = {isa = PBXFileReference; fileEncoding = 4; lastKnownFileType = sourcecode.swift; path = ListsService.swift; sourceTree = "<group>"; };
		96A5F1231F4E034600F94553 /* DefaultStorage.swift */ = {isa = PBXFileReference; fileEncoding = 4; lastKnownFileType = sourcecode.swift; path = DefaultStorage.swift; sourceTree = "<group>"; };
		96A5F1251F4FF48900F94553 /* ListEntity+Mapping.swift */ = {isa = PBXFileReference; fileEncoding = 4; lastKnownFileType = sourcecode.swift; path = "ListEntity+Mapping.swift"; sourceTree = "<group>"; };
		96A5F12C1F507AC500F94553 /* GradientView.swift */ = {isa = PBXFileReference; fileEncoding = 4; lastKnownFileType = sourcecode.swift; path = GradientView.swift; sourceTree = "<group>"; };
		96A5F12E1F507AC500F94553 /* NumPadButton.swift */ = {isa = PBXFileReference; fileEncoding = 4; lastKnownFileType = sourcecode.swift; path = NumPadButton.swift; sourceTree = "<group>"; };
		96A5F12F1F507AC500F94553 /* PageControl.swift */ = {isa = PBXFileReference; fileEncoding = 4; lastKnownFileType = sourcecode.swift; path = PageControl.swift; sourceTree = "<group>"; };
		96A5F1301F507AC500F94553 /* PinCodeView.swift */ = {isa = PBXFileReference; fileEncoding = 4; lastKnownFileType = sourcecode.swift; path = PinCodeView.swift; sourceTree = "<group>"; };
		96A5F1311F507AC500F94553 /* WeekDaysPicker.swift */ = {isa = PBXFileReference; fileEncoding = 4; lastKnownFileType = sourcecode.swift; path = WeekDaysPicker.swift; sourceTree = "<group>"; };
		96A5F13D1F507B1100F94553 /* Main.storyboard */ = {isa = PBXFileReference; fileEncoding = 4; lastKnownFileType = file.storyboard; path = Main.storyboard; sourceTree = "<group>"; };
		96A820FC1F743D0D00F2AA68 /* NumberPicker.swift */ = {isa = PBXFileReference; fileEncoding = 4; lastKnownFileType = sourcecode.swift; path = NumberPicker.swift; sourceTree = "<group>"; };
		96A820FE1F74E3B200F2AA68 /* TaskSchedulerService.swift */ = {isa = PBXFileReference; fileEncoding = 4; lastKnownFileType = sourcecode.swift; path = TaskSchedulerService.swift; sourceTree = "<group>"; };
		96A821001F7594B800F2AA68 /* TaskLocationEditor.swift */ = {isa = PBXFileReference; fileEncoding = 4; lastKnownFileType = sourcecode.swift; path = TaskLocationEditor.swift; sourceTree = "<group>"; };
		96A8217C1F7904B400F2AA68 /* SwipeTaskActionsProvider.swift */ = {isa = PBXFileReference; fileEncoding = 4; lastKnownFileType = sourcecode.swift; path = SwipeTaskActionsProvider.swift; sourceTree = "<group>"; };
		96A821801F7AD8E200F2AA68 /* TaskRepeatingEditor.swift */ = {isa = PBXFileReference; fileEncoding = 4; lastKnownFileType = sourcecode.swift; path = TaskRepeatingEditor.swift; sourceTree = "<group>"; };
		96A821821F7B818900F2AA68 /* TaskIntervalRepeatingPicker.swift */ = {isa = PBXFileReference; fileEncoding = 4; lastKnownFileType = sourcecode.swift; path = TaskIntervalRepeatingPicker.swift; sourceTree = "<group>"; };
		96A821841F7B81C500F2AA68 /* TaskWeeklyRepeatingPicker.swift */ = {isa = PBXFileReference; fileEncoding = 4; lastKnownFileType = sourcecode.swift; path = TaskWeeklyRepeatingPicker.swift; sourceTree = "<group>"; };
		96BE0A2D1F6314AE0041FBEA /* ListEditor.storyboard */ = {isa = PBXFileReference; fileEncoding = 4; lastKnownFileType = file.storyboard; path = ListEditor.storyboard; sourceTree = "<group>"; };
		96BE0A2F1F63C3A50041FBEA /* ListEditorView.swift */ = {isa = PBXFileReference; fileEncoding = 4; lastKnownFileType = sourcecode.swift; path = ListEditorView.swift; sourceTree = "<group>"; };
		96BE0A311F65B79C0041FBEA /* ListEditorPresenter.swift */ = {isa = PBXFileReference; fileEncoding = 4; lastKnownFileType = sourcecode.swift; path = ListEditorPresenter.swift; sourceTree = "<group>"; };
		96BE0A331F65B8760041FBEA /* ListEditorInteractor.swift */ = {isa = PBXFileReference; fileEncoding = 4; lastKnownFileType = sourcecode.swift; path = ListEditorInteractor.swift; sourceTree = "<group>"; };
		96BE0A351F65BEB10041FBEA /* ListEditorRouter.swift */ = {isa = PBXFileReference; fileEncoding = 4; lastKnownFileType = sourcecode.swift; path = ListEditorRouter.swift; sourceTree = "<group>"; };
		96BE0A371F65BFB00041FBEA /* ListEditorAssembly.swift */ = {isa = PBXFileReference; fileEncoding = 4; lastKnownFileType = sourcecode.swift; path = ListEditorAssembly.swift; sourceTree = "<group>"; };
		96BE0A391F665B390041FBEA /* TextView.swift */ = {isa = PBXFileReference; fileEncoding = 4; lastKnownFileType = sourcecode.swift; path = TextView.swift; sourceTree = "<group>"; };
		96BE0A3B1F670E3C0041FBEA /* ListIconCell.swift */ = {isa = PBXFileReference; fileEncoding = 4; lastKnownFileType = sourcecode.swift; path = ListIconCell.swift; sourceTree = "<group>"; };
		96E543371F49EBB20081C6F0 /* Timmee.app */ = {isa = PBXFileReference; explicitFileType = wrapper.application; includeInIndex = 0; path = Timmee.app; sourceTree = BUILT_PRODUCTS_DIR; };
		96E5434E1F49EBB20081C6F0 /* TimmeeTests.xctest */ = {isa = PBXFileReference; explicitFileType = wrapper.cfbundle; includeInIndex = 0; path = TimmeeTests.xctest; sourceTree = BUILT_PRODUCTS_DIR; };
		96E543521F49EBB20081C6F0 /* TimmeeTests.swift */ = {isa = PBXFileReference; lastKnownFileType = sourcecode.swift; path = TimmeeTests.swift; sourceTree = "<group>"; };
		96E543541F49EBB20081C6F0 /* Info.plist */ = {isa = PBXFileReference; lastKnownFileType = text.plist.xml; path = Info.plist; sourceTree = "<group>"; };
		96E5435F1F49ED890081C6F0 /* Assets.xcassets */ = {isa = PBXFileReference; lastKnownFileType = folder.assetcatalog; path = Assets.xcassets; sourceTree = "<group>"; };
		96E543621F49ED890081C6F0 /* Timmee.xcdatamodel */ = {isa = PBXFileReference; lastKnownFileType = wrapper.xcdatamodel; path = Timmee.xcdatamodel; sourceTree = "<group>"; };
		96E543651F49ED890081C6F0 /* Info.plist */ = {isa = PBXFileReference; fileEncoding = 4; lastKnownFileType = text.plist.xml; path = Info.plist; sourceTree = "<group>"; };
		96E543681F49ED890081C6F0 /* LaunchScreen.storyboard */ = {isa = PBXFileReference; fileEncoding = 4; lastKnownFileType = file.storyboard; path = LaunchScreen.storyboard; sourceTree = "<group>"; };
		96E5436D1F49ED890081C6F0 /* AppDelegate.swift */ = {isa = PBXFileReference; fileEncoding = 4; lastKnownFileType = sourcecode.swift; path = AppDelegate.swift; sourceTree = "<group>"; };
		FA9D4E103927E9235B2BD08D /* Pods-Timmee.release.xcconfig */ = {isa = PBXFileReference; includeInIndex = 1; lastKnownFileType = text.xcconfig; name = "Pods-Timmee.release.xcconfig"; path = "Pods/Target Support Files/Pods-Timmee/Pods-Timmee.release.xcconfig"; sourceTree = "<group>"; };
/* End PBXFileReference section */

/* Begin PBXFrameworksBuildPhase section */
		96E543341F49EBB20081C6F0 /* Frameworks */ = {
			isa = PBXFrameworksBuildPhase;
			buildActionMask = 2147483647;
			files = (
				34638CA1E9A08C2EF7EDCA4B /* Pods_Timmee.framework in Frameworks */,
			);
			runOnlyForDeploymentPostprocessing = 0;
		};
		96E5434B1F49EBB20081C6F0 /* Frameworks */ = {
			isa = PBXFrameworksBuildPhase;
			buildActionMask = 2147483647;
			files = (
			);
			runOnlyForDeploymentPostprocessing = 0;
		};
/* End PBXFrameworksBuildPhase section */

/* Begin PBXGroup section */
		2016C37FE8501A7AB7108367 /* Pods */ = {
			isa = PBXGroup;
			children = (
				548C5722BCCB07A0FFED4983 /* Pods-Timmee.debug.xcconfig */,
				FA9D4E103927E9235B2BD08D /* Pods-Timmee.release.xcconfig */,
			);
			name = Pods;
			sourceTree = "<group>";
		};
		96115F261F6B0C660050D7A3 /* Factories */ = {
			isa = PBXGroup;
			children = (
				96115F271F6B0C660050D7A3 /* StoryboardFactories */,
				96115F281F6B0C660050D7A3 /* ViewControllerFactories */,
			);
			path = Factories;
			sourceTree = "<group>";
		};
		96115F271F6B0C660050D7A3 /* StoryboardFactories */ = {
			isa = PBXGroup;
			children = (
				96115F291F6B0C780050D7A3 /* StoryboardsFactory.swift */,
			);
			path = StoryboardFactories;
			sourceTree = "<group>";
		};
		96115F281F6B0C660050D7A3 /* ViewControllerFactories */ = {
			isa = PBXGroup;
			children = (
				96115F2B1F6B0D700050D7A3 /* ViewControllersFactory.swift */,
			);
			path = ViewControllerFactories;
			sourceTree = "<group>";
		};
		96115F471F6EECD80050D7A3 /* TaskParameterEditors */ = {
			isa = PBXGroup;
			children = (
				96115F4F1F6EED140050D7A3 /* TaskParameterEditorContainer */,
				96115F481F6EECD80050D7A3 /* TaskDueDateEditor */,
				96115F491F6EECD80050D7A3 /* TaskLocationEditor */,
				96115F4B1F6EECD80050D7A3 /* TaskReminderEditor */,
				96115F4C1F6EECD80050D7A3 /* TaskRepetingEditor */,
				96A14DF11F9C820D0028943C /* TaskTagsPicker */,
			);
			path = TaskParameterEditors;
			sourceTree = "<group>";
		};
		96115F481F6EECD80050D7A3 /* TaskDueDateEditor */ = {
			isa = PBXGroup;
			children = (
				96115F641F72E7350050D7A3 /* TaskDueDateEditor.swift */,
				96115F5E1F72E35C0050D7A3 /* CalendarDayCell.swift */,
				96115F601F72E3BB0050D7A3 /* CalendarView.swift */,
				96A820FC1F743D0D00F2AA68 /* NumberPicker.swift */,
			);
			path = TaskDueDateEditor;
			sourceTree = "<group>";
		};
		96115F491F6EECD80050D7A3 /* TaskLocationEditor */ = {
			isa = PBXGroup;
			children = (
				96A821001F7594B800F2AA68 /* TaskLocationEditor.swift */,
			);
			path = TaskLocationEditor;
			sourceTree = "<group>";
		};
		96115F4B1F6EECD80050D7A3 /* TaskReminderEditor */ = {
			isa = PBXGroup;
			children = (
				96115F5A1F70EA3C0050D7A3 /* TaskReminderEditor.swift */,
			);
			path = TaskReminderEditor;
			sourceTree = "<group>";
		};
		96115F4C1F6EECD80050D7A3 /* TaskRepetingEditor */ = {
			isa = PBXGroup;
			children = (
				96A821801F7AD8E200F2AA68 /* TaskRepeatingEditor.swift */,
				96A821821F7B818900F2AA68 /* TaskIntervalRepeatingPicker.swift */,
				96A821841F7B81C500F2AA68 /* TaskWeeklyRepeatingPicker.swift */,
			);
			path = TaskRepetingEditor;
			sourceTree = "<group>";
		};
		96115F4F1F6EED140050D7A3 /* TaskParameterEditorContainer */ = {
			isa = PBXGroup;
			children = (
				96115F501F6EED140050D7A3 /* TaskParameterEditorContainer.swift */,
				96115F5C1F7198AF0050D7A3 /* FadeBackgroundModalTransition.swift */,
			);
			path = TaskParameterEditorContainer;
			sourceTree = "<group>";
		};
		961D67681FA65F3900511042 /* GrowingTextView */ = {
			isa = PBXGroup;
			children = (
				961D67691FA65F3900511042 /* NextGrowingInternalTextView.swift */,
				961D676A1FA65F3900511042 /* NextGrowingTextView.swift */,
			);
			path = GrowingTextView;
			sourceTree = "<group>";
		};
		963D6A281F59EBBB0063E295 /* ListRepresentations */ = {
			isa = PBXGroup;
			children = (
				963D6A2F1F59EBBB0063E295 /* Protocols */,
				963D6A381F59EC460063E295 /* ListRepresentationManager */,
				963D6A291F59EBBB0063E295 /* EisenhowerRepresentation */,
				963D6A311F59EBBB0063E295 /* TableListRepresentation */,
			);
			path = ListRepresentations;
			sourceTree = "<group>";
		};
		963D6A291F59EBBB0063E295 /* EisenhowerRepresentation */ = {
			isa = PBXGroup;
			children = (
				963D6A2A1F59EBBB0063E295 /* Assembly */,
				963D6A2B1F59EBBB0063E295 /* Interactor */,
				963D6A2C1F59EBBB0063E295 /* Presenter */,
				963D6A2D1F59EBBB0063E295 /* Router */,
				963D6A2E1F59EBBB0063E295 /* View */,
			);
			path = EisenhowerRepresentation;
			sourceTree = "<group>";
		};
		963D6A2A1F59EBBB0063E295 /* Assembly */ = {
			isa = PBXGroup;
			children = (
			);
			path = Assembly;
			sourceTree = "<group>";
		};
		963D6A2B1F59EBBB0063E295 /* Interactor */ = {
			isa = PBXGroup;
			children = (
			);
			path = Interactor;
			sourceTree = "<group>";
		};
		963D6A2C1F59EBBB0063E295 /* Presenter */ = {
			isa = PBXGroup;
			children = (
			);
			path = Presenter;
			sourceTree = "<group>";
		};
		963D6A2D1F59EBBB0063E295 /* Router */ = {
			isa = PBXGroup;
			children = (
			);
			path = Router;
			sourceTree = "<group>";
		};
		963D6A2E1F59EBBB0063E295 /* View */ = {
			isa = PBXGroup;
			children = (
			);
			path = View;
			sourceTree = "<group>";
		};
		963D6A2F1F59EBBB0063E295 /* Protocols */ = {
			isa = PBXGroup;
			children = (
				963D6A301F59EBBB0063E295 /* ListRepresentationInput.swift */,
				963D6A561F5B262A0063E295 /* ListRepresentationOutput.swift */,
			);
			path = Protocols;
			sourceTree = "<group>";
		};
		963D6A311F59EBBB0063E295 /* TableListRepresentation */ = {
			isa = PBXGroup;
			children = (
				963D6A321F59EBBB0063E295 /* Assembly */,
				963D6A331F59EBBB0063E295 /* Interactor */,
				963D6A341F59EBBB0063E295 /* Presenter */,
				963D6A351F59EBBB0063E295 /* Router */,
				963D6A361F59EBBB0063E295 /* View */,
			);
			path = TableListRepresentation;
			sourceTree = "<group>";
		};
		963D6A321F59EBBB0063E295 /* Assembly */ = {
			isa = PBXGroup;
			children = (
				963D6A521F5AECD20063E295 /* TableListRepresentationAssembly.swift */,
			);
			path = Assembly;
			sourceTree = "<group>";
		};
		963D6A331F59EBBB0063E295 /* Interactor */ = {
			isa = PBXGroup;
			children = (
				963D6A4A1F5AE2440063E295 /* TableListRepresentationInteractor.swift */,
			);
			path = Interactor;
			sourceTree = "<group>";
		};
		963D6A341F59EBBB0063E295 /* Presenter */ = {
			isa = PBXGroup;
			children = (
				963D6A481F5AE1630063E295 /* TableListRepresentationPresenter.swift */,
			);
			path = Presenter;
			sourceTree = "<group>";
		};
		963D6A351F59EBBB0063E295 /* Router */ = {
			isa = PBXGroup;
			children = (
			);
			path = Router;
			sourceTree = "<group>";
		};
		963D6A361F59EBBB0063E295 /* View */ = {
			isa = PBXGroup;
			children = (
				963D6A441F5ADD140063E295 /* TableListRepresentationView.swift */,
				96A8217C1F7904B400F2AA68 /* SwipeTaskActionsProvider.swift */,
				960A0DDD1F9533FA003DCDAD /* TableListRepresentationCell.swift */,
			);
			path = View;
			sourceTree = "<group>";
		};
		963D6A381F59EC460063E295 /* ListRepresentationManager */ = {
			isa = PBXGroup;
			children = (
				963D6A401F59ECBD0063E295 /* ListRepresentation.swift */,
				963D6A3E1F59EC7E0063E295 /* ListRepresentationManagerInput.swift */,
				963D6A421F59ED240063E295 /* ListRepresentationManager.swift */,
			);
			path = ListRepresentationManager;
			sourceTree = "<group>";
		};
		963D6A581F5C42730063E295 /* TaskEditor */ = {
			isa = PBXGroup;
			children = (
				963D6A591F5C42730063E295 /* Assembly */,
				963D6A5A1F5C42730063E295 /* Interactor */,
				963D6A5B1F5C42730063E295 /* Presenter */,
				963D6A5C1F5C42730063E295 /* Router */,
				963D6A5D1F5C42730063E295 /* View */,
			);
			path = TaskEditor;
			sourceTree = "<group>";
		};
		963D6A591F5C42730063E295 /* Assembly */ = {
			isa = PBXGroup;
			children = (
				96115F431F6E9B580050D7A3 /* TaskEditorAssembly.swift */,
			);
			path = Assembly;
			sourceTree = "<group>";
		};
		963D6A5A1F5C42730063E295 /* Interactor */ = {
			isa = PBXGroup;
			children = (
				96115F3F1F6E97540050D7A3 /* TaskEditorInteractor.swift */,
			);
			path = Interactor;
			sourceTree = "<group>";
		};
		963D6A5B1F5C42730063E295 /* Presenter */ = {
			isa = PBXGroup;
			children = (
				96115F3D1F6E93680050D7A3 /* TaskEditorPresenter.swift */,
			);
			path = Presenter;
			sourceTree = "<group>";
		};
		963D6A5C1F5C42730063E295 /* Router */ = {
			isa = PBXGroup;
			children = (
				96115F411F6E99F30050D7A3 /* TaskEditorRouter.swift */,
			);
			path = Router;
			sourceTree = "<group>";
		};
		963D6A5D1F5C42730063E295 /* View */ = {
			isa = PBXGroup;
			children = (
				963D6A641F5C73650063E295 /* TaskEditorView.swift */,
				96636A3A1F88006100C84FD4 /* SubtaskCell.swift */,
			);
			path = View;
			sourceTree = "<group>";
		};
		963D6A741F6069F40063E295 /* MainTopModule */ = {
			isa = PBXGroup;
			children = (
				963D6A751F6069F40063E295 /* ControlPanel */,
				963D6A761F6069F40063E295 /* Lists */,
				963D6A771F6069F40063E295 /* MainTopContainer */,
				963D6A781F6069F40063E295 /* ShortListEditor */,
			);
			path = MainTopModule;
			sourceTree = "<group>";
		};
		963D6A751F6069F40063E295 /* ControlPanel */ = {
			isa = PBXGroup;
			children = (
				963D6A7F1F6071470063E295 /* ControlPanel.swift */,
			);
			path = ControlPanel;
			sourceTree = "<group>";
		};
		963D6A761F6069F40063E295 /* Lists */ = {
			isa = PBXGroup;
			children = (
				963D6A831F60746A0063E295 /* ListCell.swift */,
				963D6A851F6074F20063E295 /* ListsInteractor.swift */,
				9676290E1F69CA60001F5D99 /* SwipeTableActionsProvider.swift */,
			);
			path = Lists;
			sourceTree = "<group>";
		};
		963D6A771F6069F40063E295 /* MainTopContainer */ = {
			isa = PBXGroup;
			children = (
				963D6A7D1F60711C0063E295 /* MainTopViewController.swift */,
			);
			path = MainTopContainer;
			sourceTree = "<group>";
		};
		963D6A781F6069F40063E295 /* ShortListEditor */ = {
			isa = PBXGroup;
			children = (
			);
			path = ShortListEditor;
			sourceTree = "<group>";
		};
		96477A591F812FCA005C3520 /* TasksImport */ = {
			isa = PBXGroup;
			children = (
				96477A5A1F812FCA005C3520 /* Assembly */,
				96477A5B1F812FCA005C3520 /* Interactor */,
				96477A5C1F812FCA005C3520 /* Presenter */,
				96477A671F81498E005C3520 /* Router */,
				96477A5E1F812FCA005C3520 /* View */,
			);
			path = TasksImport;
			sourceTree = "<group>";
		};
		96477A5A1F812FCA005C3520 /* Assembly */ = {
			isa = PBXGroup;
			children = (
				96477A6A1F814CC2005C3520 /* TasksImportAssembly.swift */,
			);
			path = Assembly;
			sourceTree = "<group>";
		};
		96477A5B1F812FCA005C3520 /* Interactor */ = {
			isa = PBXGroup;
			children = (
				96477A631F814649005C3520 /* TasksImportInteractor.swift */,
			);
			path = Interactor;
			sourceTree = "<group>";
		};
		96477A5C1F812FCA005C3520 /* Presenter */ = {
			isa = PBXGroup;
			children = (
				96477A651F81493E005C3520 /* TasksImportPresenter.swift */,
			);
			path = Presenter;
			sourceTree = "<group>";
		};
		96477A5E1F812FCA005C3520 /* View */ = {
			isa = PBXGroup;
			children = (
				96477A5F1F8131BE005C3520 /* TasksImportView.swift */,
				96477A611F8135E3005C3520 /* TasksImportCell.swift */,
			);
			path = View;
			sourceTree = "<group>";
		};
		96477A671F81498E005C3520 /* Router */ = {
			isa = PBXGroup;
			children = (
				96477A681F81499C005C3520 /* TasksImportRouter.swift */,
			);
			path = Router;
			sourceTree = "<group>";
		};
		965798CD1F91340100F65019 /* Authentication */ = {
			isa = PBXGroup;
			children = (
				965798D01F91340100F65019 /* NumberPadItem.swift */,
				965798CF1F91340100F65019 /* NumberPadCells.swift */,
				965798CE1F91340100F65019 /* NumberPadAdapter.swift */,
				965798D11F91340100F65019 /* PinAuthenticationViewController.swift */,
				965798D21F91340100F65019 /* PinCreationViewController.swift */,
				960A0DDB1F921551003DCDAD /* BiometricsActivationController.swift */,
			);
			path = Authentication;
			sourceTree = "<group>";
		};
		96A14DF11F9C820D0028943C /* TaskTagsPicker */ = {
			isa = PBXGroup;
			children = (
				96A14DF21F9C82220028943C /* TaskTagsPicker.swift */,
			);
			path = TaskTagsPicker;
			sourceTree = "<group>";
		};
		96A5F0F11F49F26300F94553 /* Collections */ = {
			isa = PBXGroup;
			children = (
				96A5F0F21F49F26300F94553 /* Array+IndexOf.swift */,
				96A5F0F31F49F26300F94553 /* Array+Item.swift */,
				96A5F0F41F49F26300F94553 /* Array+RemoveObject.swift */,
				96A5F0F61F49F26300F94553 /* Array+Unique.swift */,
				96A5F0F71F49F26300F94553 /* Sequence+Categorised.swift */,
				96A5F0F81F49F26300F94553 /* Sequence+Dictionarised.swift */,
			);
			path = Collections;
			sourceTree = "<group>";
		};
		96A5F1001F49F2F300F94553 /* UIKit */ = {
			isa = PBXGroup;
			children = (
				96A5F1011F49F2F300F94553 /* UIColor+HEX.swift */,
				96A5F1021F49F2F300F94553 /* UIImage+one-colored.swift */,
				96A5F1081F49FA4B00F94553 /* UIColor+Interpolate.swift */,
				96A5F1091F49FA4B00F94553 /* UIImage+tint.swift */,
				96115F241F6AD5500050D7A3 /* UITableView+hideSwipeCell.swift */,
				96A376211F9BC78800A7C55C /* UIView+nib.swift */,
			);
			path = UIKit;
			sourceTree = "<group>";
		};
		96A5F1051F49FA3C00F94553 /* String */ = {
			isa = PBXGroup;
			children = (
				96A5F1061F49FA3C00F94553 /* String+capitalizeFirst.swift */,
				963D6A6E1F5EF48F0063E295 /* String+Localized.swift */,
				96115F451F6ECF9F0050D7A3 /* String+Trimmed.swift */,
				965798D81F9136BE00F65019 /* String+Encryption.swift */,
			);
			path = String;
			sourceTree = "<group>";
		};
		96A5F10C1F49FC3F00F94553 /* StoreKit */ = {
			isa = PBXGroup;
			children = (
				96A5F10D1F49FC3F00F94553 /* SKProduct+localizedPrice.swift */,
			);
			path = StoreKit;
			sourceTree = "<group>";
		};
		96A5F1101F4A0AC500F94553 /* Enums */ = {
			isa = PBXGroup;
			children = (
				96A5F1111F4A0AD800F94553 /* UserProperties.swift */,
				96A5F1131F4A174600F94553 /* TaskCategory.swift */,
				96A5F1151F4A18EE00F94553 /* RepeatMask.swift */,
				96A5F1171F4A1A5100F94553 /* NotificationMask.swift */,
				9631790C1F513BFC007F7F53 /* ListIcon.swift */,
				962C7B361F58810500639DD6 /* ListSorting.swift */,
				963D6A721F5EF9790063E295 /* AppTheme.swift */,
				96115F561F70E7CC0050D7A3 /* NearestDate.swift */,
			);
			path = Enums;
			sourceTree = "<group>";
		};
		96A5F1191F4D4D4600F94553 /* Entities */ = {
			isa = PBXGroup;
			children = (
				96A5F11B1F4D4D5900F94553 /* List.swift */,
				96A5F11D1F4D500A00F94553 /* SmartList.swift */,
				963D6A4C1F5AE51D0063E295 /* Task.swift */,
				96636A361F86560600C84FD4 /* Subtask.swift */,
				96A14DEF1F9C7BBB0028943C /* Tag.swift */,
			);
			path = Entities;
			sourceTree = "<group>";
		};
		96A5F11A1F4D4D4600F94553 /* Services */ = {
			isa = PBXGroup;
			children = (
				96A5F11F1F4E01AB00F94553 /* ListsService.swift */,
				963D6A4E1F5AE77F0063E295 /* TasksService.swift */,
				96636A381F86592300C84FD4 /* SubtasksService.swift */,
				969219CC1F9C8BCE006E47B4 /* TagsService.swift */,
				96A820FE1F74E3B200F2AA68 /* TaskSchedulerService.swift */,
			);
			path = Services;
			sourceTree = "<group>";
		};
		96A5F1271F507A9800F94553 /* Main */ = {
			isa = PBXGroup;
			children = (
				9676290B1F69BC36001F5D99 /* MainContainerView.swift */,
			);
			path = Main;
			sourceTree = "<group>";
		};
		96BE0A271F63149F0041FBEA /* ListEditor */ = {
			isa = PBXGroup;
			children = (
				96BE0A281F63149F0041FBEA /* Assembly */,
				96BE0A291F63149F0041FBEA /* Interactor */,
				96BE0A2A1F63149F0041FBEA /* Presenter */,
				96BE0A2B1F63149F0041FBEA /* Router */,
				96BE0A2C1F63149F0041FBEA /* View */,
			);
			path = ListEditor;
			sourceTree = "<group>";
		};
		96BE0A281F63149F0041FBEA /* Assembly */ = {
			isa = PBXGroup;
			children = (
				96BE0A371F65BFB00041FBEA /* ListEditorAssembly.swift */,
			);
			path = Assembly;
			sourceTree = "<group>";
		};
		96BE0A291F63149F0041FBEA /* Interactor */ = {
			isa = PBXGroup;
			children = (
				96BE0A331F65B8760041FBEA /* ListEditorInteractor.swift */,
			);
			path = Interactor;
			sourceTree = "<group>";
		};
		96BE0A2A1F63149F0041FBEA /* Presenter */ = {
			isa = PBXGroup;
			children = (
				96BE0A311F65B79C0041FBEA /* ListEditorPresenter.swift */,
			);
			path = Presenter;
			sourceTree = "<group>";
		};
		96BE0A2B1F63149F0041FBEA /* Router */ = {
			isa = PBXGroup;
			children = (
				96BE0A351F65BEB10041FBEA /* ListEditorRouter.swift */,
			);
			path = Router;
			sourceTree = "<group>";
		};
		96BE0A2C1F63149F0041FBEA /* View */ = {
			isa = PBXGroup;
			children = (
				96BE0A2F1F63C3A50041FBEA /* ListEditorView.swift */,
				96BE0A3B1F670E3C0041FBEA /* ListIconCell.swift */,
				96115F2D1F6D3D6D0050D7A3 /* PresentTransition.swift */,
			);
			path = View;
			sourceTree = "<group>";
		};
		96E5432E1F49EBB20081C6F0 = {
			isa = PBXGroup;
			children = (
				96E543391F49EBB20081C6F0 /* Timmee */,
				96E543511F49EBB20081C6F0 /* TimmeeTests */,
				96E543381F49EBB20081C6F0 /* Products */,
				2016C37FE8501A7AB7108367 /* Pods */,
				A0CA419F3C43D8434E707942 /* Frameworks */,
			);
			sourceTree = "<group>";
		};
		96E543381F49EBB20081C6F0 /* Products */ = {
			isa = PBXGroup;
			children = (
				96E543371F49EBB20081C6F0 /* Timmee.app */,
				96E5434E1F49EBB20081C6F0 /* TimmeeTests.xctest */,
			);
			name = Products;
			sourceTree = "<group>";
		};
		96E543391F49EBB20081C6F0 /* Timmee */ = {
			isa = PBXGroup;
			children = (
				96E5436A1F49ED890081C6F0 /* Sources */,
				96E5435D1F49ED890081C6F0 /* Resources */,
			);
			path = Timmee;
			sourceTree = "<group>";
		};
		96E543511F49EBB20081C6F0 /* TimmeeTests */ = {
			isa = PBXGroup;
			children = (
				96E543521F49EBB20081C6F0 /* TimmeeTests.swift */,
				96E543541F49EBB20081C6F0 /* Info.plist */,
			);
			path = TimmeeTests;
			sourceTree = "<group>";
		};
		96E5435D1F49ED890081C6F0 /* Resources */ = {
			isa = PBXGroup;
			children = (
				96E5435E1F49ED890081C6F0 /* Assets */,
				96E543601F49ED890081C6F0 /* Database */,
				96E543631F49ED890081C6F0 /* Localization */,
				96E543641F49ED890081C6F0 /* Plists */,
				96E543661F49ED890081C6F0 /* Sounds */,
				96E543671F49ED890081C6F0 /* Storyboards */,
			);
			path = Resources;
			sourceTree = "<group>";
		};
		96E5435E1F49ED890081C6F0 /* Assets */ = {
			isa = PBXGroup;
			children = (
				96E5435F1F49ED890081C6F0 /* Assets.xcassets */,
			);
			path = Assets;
			sourceTree = "<group>";
		};
		96E543601F49ED890081C6F0 /* Database */ = {
			isa = PBXGroup;
			children = (
				96E543611F49ED890081C6F0 /* Timmee.xcdatamodeld */,
			);
			path = Database;
			sourceTree = "<group>";
		};
		96E543631F49ED890081C6F0 /* Localization */ = {
			isa = PBXGroup;
			children = (
				963D6A6A1F5EF3390063E295 /* Localizable.strings */,
				96477A521F80F371005C3520 /* Localizable.stringsdict */,
			);
			path = Localization;
			sourceTree = "<group>";
		};
		96E543641F49ED890081C6F0 /* Plists */ = {
			isa = PBXGroup;
			children = (
				96E543651F49ED890081C6F0 /* Info.plist */,
			);
			path = Plists;
			sourceTree = "<group>";
		};
		96E543661F49ED890081C6F0 /* Sounds */ = {
			isa = PBXGroup;
			children = (
			);
			path = Sounds;
			sourceTree = "<group>";
		};
		96E543671F49ED890081C6F0 /* Storyboards */ = {
			isa = PBXGroup;
			children = (
				96E543681F49ED890081C6F0 /* LaunchScreen.storyboard */,
				96A5F13D1F507B1100F94553 /* Main.storyboard */,
				963D6A541F5AEDB50063E295 /* ListRepresentations.storyboard */,
				963D6A601F5C42990063E295 /* TaskEditor.storyboard */,
				963D6A7B1F606A120063E295 /* MainTop.storyboard */,
				96BE0A2D1F6314AE0041FBEA /* ListEditor.storyboard */,
				96115F521F6EEE650050D7A3 /* TaskParameterEditors.storyboard */,
				965798CB1F9133D800F65019 /* Pin.storyboard */,
			);
			path = Storyboards;
			sourceTree = "<group>";
		};
		96E5436A1F49ED890081C6F0 /* Sources */ = {
			isa = PBXGroup;
			children = (
				96E5436B1F49ED890081C6F0 /* Application layer */,
				96E5436F1F49ED890081C6F0 /* Core layer */,
				96E543771F49ED890081C6F0 /* Service layer */,
				96E543741F49ED890081C6F0 /* Presentation layer */,
				965798DA1F9138B000F65019 /* BridgingHeader.h */,
			);
			path = Sources;
			sourceTree = "<group>";
		};
		96E5436B1F49ED890081C6F0 /* Application layer */ = {
			isa = PBXGroup;
			children = (
				96E5436C1F49ED890081C6F0 /* App delegate */,
				96E5436E1F49ED890081C6F0 /* Configurators */,
			);
			path = "Application layer";
			sourceTree = "<group>";
		};
		96E5436C1F49ED890081C6F0 /* App delegate */ = {
			isa = PBXGroup;
			children = (
				96E5436D1F49ED890081C6F0 /* AppDelegate.swift */,
			);
			path = "App delegate";
			sourceTree = "<group>";
		};
		96E5436E1F49ED890081C6F0 /* Configurators */ = {
			isa = PBXGroup;
			children = (
				963D6A701F5EF9250063E295 /* AppThemeConfigurator.swift */,
			);
			path = Configurators;
			sourceTree = "<group>";
		};
		96E5436F1F49ED890081C6F0 /* Core layer */ = {
			isa = PBXGroup;
			children = (
				96E543701F49ED890081C6F0 /* Database */,
				96E543711F49ED890081C6F0 /* Extensions */,
				96A5F1101F4A0AC500F94553 /* Enums */,
				96E543721F49ED890081C6F0 /* Networking */,
				96E543731F49ED890081C6F0 /* Utils */,
			);
			path = "Core layer";
			sourceTree = "<group>";
		};
		96E543701F49ED890081C6F0 /* Database */ = {
			isa = PBXGroup;
			children = (
				96A5F1231F4E034600F94553 /* DefaultStorage.swift */,
				96A5F1251F4FF48900F94553 /* ListEntity+Mapping.swift */,
				963D6A501F5AE8FC0063E295 /* TaskEntity+Mapping.swift */,
				96636A341F8655DB00C84FD4 /* SubtaskEntity+Mapping.swift */,
				969219CE1F9C901A006E47B4 /* TagEntity+Mapping.swift */,
				963179101F56CB40007F7F53 /* StorageObservable.swift */,
			);
			path = Database;
			sourceTree = "<group>";
		};
		96E543711F49ED890081C6F0 /* Extensions */ = {
			isa = PBXGroup;
			children = (
				96A5F1001F49F2F300F94553 /* UIKit */,
				96A5F0F11F49F26300F94553 /* Collections */,
				96A5F1051F49FA3C00F94553 /* String */,
				96A5F10C1F49FC3F00F94553 /* StoreKit */,
			);
			path = Extensions;
			sourceTree = "<group>";
		};
		96E543721F49ED890081C6F0 /* Networking */ = {
			isa = PBXGroup;
			children = (
			);
			path = Networking;
			sourceTree = "<group>";
		};
		96E543731F49ED890081C6F0 /* Utils */ = {
			isa = PBXGroup;
			children = (
				9631790E1F515A4A007F7F53 /* RandomStringGenerator.swift */,
				96115F581F70E8770050D7A3 /* Date.swift */,
				96115F621F72E4060050D7A3 /* Calendar.swift */,
				96477A571F8112E8005C3520 /* KeyboardManager.swift */,
			);
			path = Utils;
			sourceTree = "<group>";
		};
		96E543741F49ED890081C6F0 /* Presentation layer */ = {
			isa = PBXGroup;
			children = (
				96115F261F6B0C660050D7A3 /* Factories */,
				96E543751F49ED890081C6F0 /* Custom views */,
				96E543761F49ED890081C6F0 /* Modules */,
			);
			path = "Presentation layer";
			sourceTree = "<group>";
		};
		96E543751F49ED890081C6F0 /* Custom views */ = {
			isa = PBXGroup;
			children = (
				961D67681FA65F3900511042 /* GrowingTextView */,
				96A5F12C1F507AC500F94553 /* GradientView.swift */,
				96A5F12E1F507AC500F94553 /* NumPadButton.swift */,
				96A5F12F1F507AC500F94553 /* PageControl.swift */,
				96A5F1301F507AC500F94553 /* PinCodeView.swift */,
				96A5F1311F507AC500F94553 /* WeekDaysPicker.swift */,
				963D6A621F5C60CA0063E295 /* GrowingTextView.swift */,
				963D6A871F61433F0063E295 /* PassthrowView.swift */,
				963D6A891F6187A20063E295 /* BarView.swift */,
				96BE0A391F665B390041FBEA /* TextView.swift */,
				96115F2F1F6E52420050D7A3 /* CheckBox.swift */,
				96115F331F6E7D0B0050D7A3 /* HiddingParameterView.swift */,
				96115F311F6E6EBE0050D7A3 /* TaskParameterView.swift */,
				96115F351F6E7E5D0050D7A3 /* TaskCheckableParameterView.swift */,
				96115F391F6E89000050D7A3 /* TaskCategoryPicker.swift */,
				96A3761D1F9BC35A00A7C55C /* PlaceholderView.swift */,
				96A3761F1F9BC60000A7C55C /* PlaceholderView.xib */,
				969219D01F9C9568006E47B4 /* TaskTagsView.swift */,
				969219D21F9CCEA4006E47B4 /* ColorPicker.swift */,
			);
			path = "Custom views";
			sourceTree = "<group>";
		};
		96E543761F49ED890081C6F0 /* Modules */ = {
			isa = PBXGroup;
			children = (
				96A5F1271F507A9800F94553 /* Main */,
				963D6A741F6069F40063E295 /* MainTopModule */,
				963D6A281F59EBBB0063E295 /* ListRepresentations */,
				963D6A581F5C42730063E295 /* TaskEditor */,
				96115F471F6EECD80050D7A3 /* TaskParameterEditors */,
				96BE0A271F63149F0041FBEA /* ListEditor */,
				96477A591F812FCA005C3520 /* TasksImport */,
				965798CD1F91340100F65019 /* Authentication */,
			);
			path = Modules;
			sourceTree = "<group>";
		};
		96E543771F49ED890081C6F0 /* Service layer */ = {
			isa = PBXGroup;
			children = (
				96A5F1191F4D4D4600F94553 /* Entities */,
				96A5F11A1F4D4D4600F94553 /* Services */,
			);
			path = "Service layer";
			sourceTree = "<group>";
		};
		A0CA419F3C43D8434E707942 /* Frameworks */ = {
			isa = PBXGroup;
			children = (
				6F32F20A366F046EF746BBA4 /* Pods_Timmee.framework */,
			);
			name = Frameworks;
			sourceTree = "<group>";
		};
/* End PBXGroup section */

/* Begin PBXNativeTarget section */
		96E543361F49EBB20081C6F0 /* Timmee */ = {
			isa = PBXNativeTarget;
			buildConfigurationList = 96E543571F49EBB20081C6F0 /* Build configuration list for PBXNativeTarget "Timmee" */;
			buildPhases = (
				5DE132591A068AE007ADE020 /* [CP] Check Pods Manifest.lock */,
				96E543331F49EBB20081C6F0 /* Sources */,
				96E543341F49EBB20081C6F0 /* Frameworks */,
				96E543351F49EBB20081C6F0 /* Resources */,
				05FA97F23DECC1F4DC8F8B9E /* [CP] Embed Pods Frameworks */,
				4992C2E77A5A9CA17CECD143 /* [CP] Copy Pods Resources */,
			);
			buildRules = (
			);
			dependencies = (
			);
			name = Timmee;
			productName = Timmee;
			productReference = 96E543371F49EBB20081C6F0 /* Timmee.app */;
			productType = "com.apple.product-type.application";
		};
		96E5434D1F49EBB20081C6F0 /* TimmeeTests */ = {
			isa = PBXNativeTarget;
			buildConfigurationList = 96E5435A1F49EBB20081C6F0 /* Build configuration list for PBXNativeTarget "TimmeeTests" */;
			buildPhases = (
				96E5434A1F49EBB20081C6F0 /* Sources */,
				96E5434B1F49EBB20081C6F0 /* Frameworks */,
				96E5434C1F49EBB20081C6F0 /* Resources */,
			);
			buildRules = (
			);
			dependencies = (
				96E543501F49EBB20081C6F0 /* PBXTargetDependency */,
			);
			name = TimmeeTests;
			productName = TimmeeTests;
			productReference = 96E5434E1F49EBB20081C6F0 /* TimmeeTests.xctest */;
			productType = "com.apple.product-type.bundle.unit-test";
		};
/* End PBXNativeTarget section */

/* Begin PBXProject section */
		96E5432F1F49EBB20081C6F0 /* Project object */ = {
			isa = PBXProject;
			attributes = {
				LastSwiftUpdateCheck = 0830;
				LastUpgradeCheck = 0830;
				ORGANIZATIONNAME = Mesterra;
				TargetAttributes = {
					96E543361F49EBB20081C6F0 = {
						CreatedOnToolsVersion = 8.3.2;
						DevelopmentTeam = 485UNLA592;
						ProvisioningStyle = Automatic;
					};
					96E5434D1F49EBB20081C6F0 = {
						CreatedOnToolsVersion = 8.3.2;
						DevelopmentTeam = 485UNLA592;
						ProvisioningStyle = Automatic;
						TestTargetID = 96E543361F49EBB20081C6F0;
					};
				};
			};
			buildConfigurationList = 96E543321F49EBB20081C6F0 /* Build configuration list for PBXProject "Timmee" */;
			compatibilityVersion = "Xcode 3.2";
			developmentRegion = English;
			hasScannedForEncodings = 0;
			knownRegions = (
				en,
				Base,
				ru,
			);
			mainGroup = 96E5432E1F49EBB20081C6F0;
			productRefGroup = 96E543381F49EBB20081C6F0 /* Products */;
			projectDirPath = "";
			projectRoot = "";
			targets = (
				96E543361F49EBB20081C6F0 /* Timmee */,
				96E5434D1F49EBB20081C6F0 /* TimmeeTests */,
			);
		};
/* End PBXProject section */

/* Begin PBXResourcesBuildPhase section */
		96E543351F49EBB20081C6F0 /* Resources */ = {
			isa = PBXResourcesBuildPhase;
			buildActionMask = 2147483647;
			files = (
				96A5F13E1F507B1100F94553 /* Main.storyboard in Resources */,
				96115F531F6EEE650050D7A3 /* TaskParameterEditors.storyboard in Resources */,
				963D6A681F5EF3390063E295 /* Localizable.strings in Resources */,
				96477A541F80F371005C3520 /* Localizable.stringsdict in Resources */,
				963D6A7C1F606A120063E295 /* MainTop.storyboard in Resources */,
				965798CC1F9133D800F65019 /* Pin.storyboard in Resources */,
				96A376201F9BC60000A7C55C /* PlaceholderView.xib in Resources */,
				96E5437B1F49ED890081C6F0 /* LaunchScreen.storyboard in Resources */,
				96E543781F49ED890081C6F0 /* Assets.xcassets in Resources */,
				963D6A551F5AEDB50063E295 /* ListRepresentations.storyboard in Resources */,
				963D6A611F5C42990063E295 /* TaskEditor.storyboard in Resources */,
				96BE0A2E1F6314AE0041FBEA /* ListEditor.storyboard in Resources */,
			);
			runOnlyForDeploymentPostprocessing = 0;
		};
		96E5434C1F49EBB20081C6F0 /* Resources */ = {
			isa = PBXResourcesBuildPhase;
			buildActionMask = 2147483647;
			files = (
			);
			runOnlyForDeploymentPostprocessing = 0;
		};
/* End PBXResourcesBuildPhase section */

/* Begin PBXShellScriptBuildPhase section */
		05FA97F23DECC1F4DC8F8B9E /* [CP] Embed Pods Frameworks */ = {
			isa = PBXShellScriptBuildPhase;
			buildActionMask = 2147483647;
			files = (
			);
			inputPaths = (
			);
			name = "[CP] Embed Pods Frameworks";
			outputPaths = (
			);
			runOnlyForDeploymentPostprocessing = 0;
			shellPath = /bin/sh;
			shellScript = "\"${SRCROOT}/Pods/Target Support Files/Pods-Timmee/Pods-Timmee-frameworks.sh\"\n";
			showEnvVarsInLog = 0;
		};
		4992C2E77A5A9CA17CECD143 /* [CP] Copy Pods Resources */ = {
			isa = PBXShellScriptBuildPhase;
			buildActionMask = 2147483647;
			files = (
			);
			inputPaths = (
			);
			name = "[CP] Copy Pods Resources";
			outputPaths = (
			);
			runOnlyForDeploymentPostprocessing = 0;
			shellPath = /bin/sh;
			shellScript = "\"${SRCROOT}/Pods/Target Support Files/Pods-Timmee/Pods-Timmee-resources.sh\"\n";
			showEnvVarsInLog = 0;
		};
		5DE132591A068AE007ADE020 /* [CP] Check Pods Manifest.lock */ = {
			isa = PBXShellScriptBuildPhase;
			buildActionMask = 2147483647;
			files = (
			);
			inputPaths = (
			);
			name = "[CP] Check Pods Manifest.lock";
			outputPaths = (
			);
			runOnlyForDeploymentPostprocessing = 0;
			shellPath = /bin/sh;
			shellScript = "diff \"${PODS_PODFILE_DIR_PATH}/Podfile.lock\" \"${PODS_ROOT}/Manifest.lock\" > /dev/null\nif [ $? != 0 ] ; then\n    # print error to STDERR\n    echo \"error: The sandbox is not in sync with the Podfile.lock. Run 'pod install' or update your CocoaPods installation.\" >&2\n    exit 1\nfi\n";
			showEnvVarsInLog = 0;
		};
/* End PBXShellScriptBuildPhase section */

/* Begin PBXSourcesBuildPhase section */
		96E543331F49EBB20081C6F0 /* Sources */ = {
			isa = PBXSourcesBuildPhase;
			buildActionMask = 2147483647;
			files = (
				963D6A431F59ED240063E295 /* ListRepresentationManager.swift in Sources */,
				963D6A4F1F5AE77F0063E295 /* TasksService.swift in Sources */,
				963D6A6F1F5EF48F0063E295 /* String+Localized.swift in Sources */,
				96477A621F8135E3005C3520 /* TasksImportCell.swift in Sources */,
				963D6A631F5C60CA0063E295 /* GrowingTextView.swift in Sources */,
				965798D71F91340100F65019 /* PinCreationViewController.swift in Sources */,
				96115F3A1F6E89000050D7A3 /* TaskCategoryPicker.swift in Sources */,
				96BE0A341F65B8760041FBEA /* ListEditorInteractor.swift in Sources */,
				96636A351F8655DB00C84FD4 /* SubtaskEntity+Mapping.swift in Sources */,
				963D6A651F5C73650063E295 /* TaskEditorView.swift in Sources */,
				96A5F0FA1F49F26300F94553 /* Array+Item.swift in Sources */,
				96115F651F72E7350050D7A3 /* TaskDueDateEditor.swift in Sources */,
				96A5F1041F49F2F300F94553 /* UIImage+one-colored.swift in Sources */,
				96115F631F72E4060050D7A3 /* Calendar.swift in Sources */,
				963D6A7E1F60711C0063E295 /* MainTopViewController.swift in Sources */,
				96477A601F8131BE005C3520 /* TasksImportView.swift in Sources */,
				963D6A841F60746A0063E295 /* ListCell.swift in Sources */,
				96A5F1031F49F2F300F94553 /* UIColor+HEX.swift in Sources */,
				963D6A4D1F5AE51D0063E295 /* Task.swift in Sources */,
				963D6A511F5AE8FC0063E295 /* TaskEntity+Mapping.swift in Sources */,
				96A376221F9BC78800A7C55C /* UIView+nib.swift in Sources */,
				96A5F1261F4FF48900F94553 /* ListEntity+Mapping.swift in Sources */,
				9676290F1F69CA60001F5D99 /* SwipeTableActionsProvider.swift in Sources */,
				960A0DDC1F921551003DCDAD /* BiometricsActivationController.swift in Sources */,
				96A5F0FF1F49F26300F94553 /* Sequence+Dictionarised.swift in Sources */,
				960A0DDE1F9533FA003DCDAD /* TableListRepresentationCell.swift in Sources */,
				96115F461F6ECF9F0050D7A3 /* String+Trimmed.swift in Sources */,
				96115F441F6E9B580050D7A3 /* TaskEditorAssembly.swift in Sources */,
				96A5F0FD1F49F26300F94553 /* Array+Unique.swift in Sources */,
				965798D91F9136BE00F65019 /* String+Encryption.swift in Sources */,
				96115F611F72E3BB0050D7A3 /* CalendarView.swift in Sources */,
				96115F401F6E97540050D7A3 /* TaskEditorInteractor.swift in Sources */,
				96A5F11E1F4D500A00F94553 /* SmartList.swift in Sources */,
				96115F5D1F7198AF0050D7A3 /* FadeBackgroundModalTransition.swift in Sources */,
				96115F361F6E7E5D0050D7A3 /* TaskCheckableParameterView.swift in Sources */,
				96A821851F7B81C500F2AA68 /* TaskWeeklyRepeatingPicker.swift in Sources */,
				965798D51F91340100F65019 /* NumberPadItem.swift in Sources */,
				96115F511F6EED140050D7A3 /* TaskParameterEditorContainer.swift in Sources */,
				96A5F1381F507AC500F94553 /* WeekDaysPicker.swift in Sources */,
				96477A691F81499C005C3520 /* TasksImportRouter.swift in Sources */,
				96A5F1071F49FA3C00F94553 /* String+capitalizeFirst.swift in Sources */,
				96A5F0FE1F49F26300F94553 /* Sequence+Categorised.swift in Sources */,
				965798D31F91340100F65019 /* NumberPadAdapter.swift in Sources */,
				96A5F1351F507AC500F94553 /* NumPadButton.swift in Sources */,
				96115F571F70E7CC0050D7A3 /* NearestDate.swift in Sources */,
				96636A3B1F88006100C84FD4 /* SubtaskCell.swift in Sources */,
				963D6A571F5B262A0063E295 /* ListRepresentationOutput.swift in Sources */,
				96A14DF31F9C82220028943C /* TaskTagsPicker.swift in Sources */,
				969219CD1F9C8BCE006E47B4 /* TagsService.swift in Sources */,
				96A5F1371F507AC500F94553 /* PinCodeView.swift in Sources */,
				96115F301F6E52420050D7A3 /* CheckBox.swift in Sources */,
				96115F2E1F6D3D6D0050D7A3 /* PresentTransition.swift in Sources */,
				96A5F10E1F49FC3F00F94553 /* SKProduct+localizedPrice.swift in Sources */,
				96A3761E1F9BC35A00A7C55C /* PlaceholderView.swift in Sources */,
				96115F341F6E7D0B0050D7A3 /* HiddingParameterView.swift in Sources */,
				963D6A8A1F6187A20063E295 /* BarView.swift in Sources */,
				963D6A881F61433F0063E295 /* PassthrowView.swift in Sources */,
				963D6A411F59ECBD0063E295 /* ListRepresentation.swift in Sources */,
				96A14DF01F9C7BBB0028943C /* Tag.swift in Sources */,
				963D6A861F6074F20063E295 /* ListsInteractor.swift in Sources */,
				96115F2A1F6B0C780050D7A3 /* StoryboardsFactory.swift in Sources */,
				963D6A4B1F5AE2440063E295 /* TableListRepresentationInteractor.swift in Sources */,
				963D6A451F5ADD140063E295 /* TableListRepresentationView.swift in Sources */,
				96477A581F8112E8005C3520 /* KeyboardManager.swift in Sources */,
				96A821011F7594B800F2AA68 /* TaskLocationEditor.swift in Sources */,
				96BE0A301F63C3A50041FBEA /* ListEditorView.swift in Sources */,
				969219D11F9C9568006E47B4 /* TaskTagsView.swift in Sources */,
				96A5F0FB1F49F26300F94553 /* Array+RemoveObject.swift in Sources */,
				96A5F1201F4E01AB00F94553 /* ListsService.swift in Sources */,
				963D6A711F5EF9250063E295 /* AppThemeConfigurator.swift in Sources */,
				96115F3E1F6E93680050D7A3 /* TaskEditorPresenter.swift in Sources */,
				96E5437D1F49ED890081C6F0 /* AppDelegate.swift in Sources */,
				963D6A801F6071470063E295 /* ControlPanel.swift in Sources */,
				96115F5B1F70EA3C0050D7A3 /* TaskReminderEditor.swift in Sources */,
				96A8217D1F7904B400F2AA68 /* SwipeTaskActionsProvider.swift in Sources */,
				96A5F1181F4A1A5100F94553 /* NotificationMask.swift in Sources */,
				96A821811F7AD8E200F2AA68 /* TaskRepeatingEditor.swift in Sources */,
				9676290D1F69BC36001F5D99 /* MainContainerView.swift in Sources */,
				96A5F1241F4E034600F94553 /* DefaultStorage.swift in Sources */,
				96A5F0F91F49F26300F94553 /* Array+IndexOf.swift in Sources */,
				96A820FF1F74E3B200F2AA68 /* TaskSchedulerService.swift in Sources */,
				969219D31F9CCEA4006E47B4 /* ColorPicker.swift in Sources */,
				963D6A731F5EF9790063E295 /* AppTheme.swift in Sources */,
				96115F5F1F72E35C0050D7A3 /* CalendarDayCell.swift in Sources */,
				96A821831F7B818A00F2AA68 /* TaskIntervalRepeatingPicker.swift in Sources */,
				96115F321F6E6EBE0050D7A3 /* TaskParameterView.swift in Sources */,
				965798D61F91340100F65019 /* PinAuthenticationViewController.swift in Sources */,
				962C7B371F58810500639DD6 /* ListSorting.swift in Sources */,
				963179111F56CB40007F7F53 /* StorageObservable.swift in Sources */,
				96115F421F6E99F30050D7A3 /* TaskEditorRouter.swift in Sources */,
				96BE0A3A1F665B390041FBEA /* TextView.swift in Sources */,
				96A5F1121F4A0AD800F94553 /* UserProperties.swift in Sources */,
				96A5F1161F4A18EE00F94553 /* RepeatMask.swift in Sources */,
				963D6A371F59EBBB0063E295 /* ListRepresentationInput.swift in Sources */,
				96477A6B1F814CC2005C3520 /* TasksImportAssembly.swift in Sources */,
				96636A371F86560600C84FD4 /* Subtask.swift in Sources */,
				96A820FD1F743D0D00F2AA68 /* NumberPicker.swift in Sources */,
				963D6A491F5AE1630063E295 /* TableListRepresentationPresenter.swift in Sources */,
				96E543791F49ED890081C6F0 /* Timmee.xcdatamodeld in Sources */,
				96A5F1361F507AC500F94553 /* PageControl.swift in Sources */,
				96115F2C1F6B0D700050D7A3 /* ViewControllersFactory.swift in Sources */,
				965798D41F91340100F65019 /* NumberPadCells.swift in Sources */,
				96477A641F814649005C3520 /* TasksImportInteractor.swift in Sources */,
				9631790F1F515A4A007F7F53 /* RandomStringGenerator.swift in Sources */,
				96BE0A361F65BEB10041FBEA /* ListEditorRouter.swift in Sources */,
				96636A391F86592300C84FD4 /* SubtasksService.swift in Sources */,
				9631790D1F513BFC007F7F53 /* ListIcon.swift in Sources */,
				96477A661F81493E005C3520 /* TasksImportPresenter.swift in Sources */,
				963D6A3F1F59EC7E0063E295 /* ListRepresentationManagerInput.swift in Sources */,
				96115F251F6AD5500050D7A3 /* UITableView+hideSwipeCell.swift in Sources */,
				96BE0A381F65BFB00041FBEA /* ListEditorAssembly.swift in Sources */,
				96A5F11C1F4D4D5900F94553 /* List.swift in Sources */,
				96BE0A321F65B79C0041FBEA /* ListEditorPresenter.swift in Sources */,
				963D6A531F5AECD20063E295 /* TableListRepresentationAssembly.swift in Sources */,
				96A5F10A1F49FA4B00F94553 /* UIColor+Interpolate.swift in Sources */,
				96A5F1331F507AC500F94553 /* GradientView.swift in Sources */,
				96BE0A3C1F670E3C0041FBEA /* ListIconCell.swift in Sources */,
				96A5F1141F4A174600F94553 /* TaskCategory.swift in Sources */,
				96115F591F70E8770050D7A3 /* Date.swift in Sources */,
				969219CF1F9C901A006E47B4 /* TagEntity+Mapping.swift in Sources */,
				96A5F10B1F49FA4B00F94553 /* UIImage+tint.swift in Sources */,
			);
			runOnlyForDeploymentPostprocessing = 0;
		};
		96E5434A1F49EBB20081C6F0 /* Sources */ = {
			isa = PBXSourcesBuildPhase;
			buildActionMask = 2147483647;
			files = (
				96E543531F49EBB20081C6F0 /* TimmeeTests.swift in Sources */,
			);
			runOnlyForDeploymentPostprocessing = 0;
		};
/* End PBXSourcesBuildPhase section */

/* Begin PBXTargetDependency section */
		96E543501F49EBB20081C6F0 /* PBXTargetDependency */ = {
			isa = PBXTargetDependency;
			target = 96E543361F49EBB20081C6F0 /* Timmee */;
			targetProxy = 96E5434F1F49EBB20081C6F0 /* PBXContainerItemProxy */;
		};
/* End PBXTargetDependency section */

/* Begin PBXVariantGroup section */
		963D6A6A1F5EF3390063E295 /* Localizable.strings */ = {
			isa = PBXVariantGroup;
			children = (
				963D6A691F5EF3390063E295 /* Base */,
				963D6A6C1F5EF35C0063E295 /* ru */,
				963D6A6D1F5EF3660063E295 /* en */,
			);
			name = Localizable.strings;
			sourceTree = "<group>";
		};
		96477A521F80F371005C3520 /* Localizable.stringsdict */ = {
			isa = PBXVariantGroup;
			children = (
				96477A531F80F371005C3520 /* Base */,
				96477A551F80F383005C3520 /* en */,
				96477A561F80F385005C3520 /* ru */,
			);
			name = Localizable.stringsdict;
			path = ..;
			sourceTree = "<group>";
		};
/* End PBXVariantGroup section */

/* Begin XCBuildConfiguration section */
		96E543551F49EBB20081C6F0 /* Debug */ = {
			isa = XCBuildConfiguration;
			buildSettings = {
				ALWAYS_SEARCH_USER_PATHS = NO;
				CLANG_ANALYZER_LOCALIZABILITY_NONLOCALIZED = YES;
				CLANG_ANALYZER_NONNULL = YES;
				CLANG_ANALYZER_NUMBER_OBJECT_CONVERSION = YES_AGGRESSIVE;
				CLANG_CXX_LANGUAGE_STANDARD = "gnu++0x";
				CLANG_CXX_LIBRARY = "libc++";
				CLANG_ENABLE_MODULES = YES;
				CLANG_ENABLE_OBJC_ARC = YES;
				CLANG_WARN_BOOL_CONVERSION = YES;
				CLANG_WARN_CONSTANT_CONVERSION = YES;
				CLANG_WARN_DIRECT_OBJC_ISA_USAGE = YES_ERROR;
				CLANG_WARN_DOCUMENTATION_COMMENTS = YES;
				CLANG_WARN_EMPTY_BODY = YES;
				CLANG_WARN_ENUM_CONVERSION = YES;
				CLANG_WARN_INFINITE_RECURSION = YES;
				CLANG_WARN_INT_CONVERSION = YES;
				CLANG_WARN_OBJC_ROOT_CLASS = YES_ERROR;
				CLANG_WARN_SUSPICIOUS_MOVE = YES;
				CLANG_WARN_UNREACHABLE_CODE = YES;
				CLANG_WARN__DUPLICATE_METHOD_MATCH = YES;
				"CODE_SIGN_IDENTITY[sdk=iphoneos*]" = "iPhone Developer";
				COPY_PHASE_STRIP = NO;
				DEBUG_INFORMATION_FORMAT = dwarf;
				ENABLE_STRICT_OBJC_MSGSEND = YES;
				ENABLE_TESTABILITY = YES;
				GCC_C_LANGUAGE_STANDARD = gnu99;
				GCC_DYNAMIC_NO_PIC = NO;
				GCC_NO_COMMON_BLOCKS = YES;
				GCC_OPTIMIZATION_LEVEL = 0;
				GCC_PREPROCESSOR_DEFINITIONS = (
					"DEBUG=1",
					"$(inherited)",
				);
				GCC_WARN_64_TO_32_BIT_CONVERSION = YES;
				GCC_WARN_ABOUT_RETURN_TYPE = YES_ERROR;
				GCC_WARN_UNDECLARED_SELECTOR = YES;
				GCC_WARN_UNINITIALIZED_AUTOS = YES_AGGRESSIVE;
				GCC_WARN_UNUSED_FUNCTION = YES;
				GCC_WARN_UNUSED_VARIABLE = YES;
				IPHONEOS_DEPLOYMENT_TARGET = 10.3;
				MTL_ENABLE_DEBUG_INFO = YES;
				ONLY_ACTIVE_ARCH = YES;
				SDKROOT = iphoneos;
				SWIFT_ACTIVE_COMPILATION_CONDITIONS = DEBUG;
				SWIFT_OPTIMIZATION_LEVEL = "-Onone";
				TARGETED_DEVICE_FAMILY = "1,2";
			};
			name = Debug;
		};
		96E543561F49EBB20081C6F0 /* Release */ = {
			isa = XCBuildConfiguration;
			buildSettings = {
				ALWAYS_SEARCH_USER_PATHS = NO;
				CLANG_ANALYZER_LOCALIZABILITY_NONLOCALIZED = YES;
				CLANG_ANALYZER_NONNULL = YES;
				CLANG_ANALYZER_NUMBER_OBJECT_CONVERSION = YES_AGGRESSIVE;
				CLANG_CXX_LANGUAGE_STANDARD = "gnu++0x";
				CLANG_CXX_LIBRARY = "libc++";
				CLANG_ENABLE_MODULES = YES;
				CLANG_ENABLE_OBJC_ARC = YES;
				CLANG_WARN_BOOL_CONVERSION = YES;
				CLANG_WARN_CONSTANT_CONVERSION = YES;
				CLANG_WARN_DIRECT_OBJC_ISA_USAGE = YES_ERROR;
				CLANG_WARN_DOCUMENTATION_COMMENTS = YES;
				CLANG_WARN_EMPTY_BODY = YES;
				CLANG_WARN_ENUM_CONVERSION = YES;
				CLANG_WARN_INFINITE_RECURSION = YES;
				CLANG_WARN_INT_CONVERSION = YES;
				CLANG_WARN_OBJC_ROOT_CLASS = YES_ERROR;
				CLANG_WARN_SUSPICIOUS_MOVE = YES;
				CLANG_WARN_UNREACHABLE_CODE = YES;
				CLANG_WARN__DUPLICATE_METHOD_MATCH = YES;
				"CODE_SIGN_IDENTITY[sdk=iphoneos*]" = "iPhone Developer";
				COPY_PHASE_STRIP = NO;
				DEBUG_INFORMATION_FORMAT = "dwarf-with-dsym";
				ENABLE_NS_ASSERTIONS = NO;
				ENABLE_STRICT_OBJC_MSGSEND = YES;
				GCC_C_LANGUAGE_STANDARD = gnu99;
				GCC_NO_COMMON_BLOCKS = YES;
				GCC_WARN_64_TO_32_BIT_CONVERSION = YES;
				GCC_WARN_ABOUT_RETURN_TYPE = YES_ERROR;
				GCC_WARN_UNDECLARED_SELECTOR = YES;
				GCC_WARN_UNINITIALIZED_AUTOS = YES_AGGRESSIVE;
				GCC_WARN_UNUSED_FUNCTION = YES;
				GCC_WARN_UNUSED_VARIABLE = YES;
				IPHONEOS_DEPLOYMENT_TARGET = 10.3;
				MTL_ENABLE_DEBUG_INFO = NO;
				SDKROOT = iphoneos;
				SWIFT_OPTIMIZATION_LEVEL = "-Owholemodule";
				TARGETED_DEVICE_FAMILY = "1,2";
				VALIDATE_PRODUCT = YES;
			};
			name = Release;
		};
		96E543581F49EBB20081C6F0 /* Debug */ = {
			isa = XCBuildConfiguration;
			baseConfigurationReference = 548C5722BCCB07A0FFED4983 /* Pods-Timmee.debug.xcconfig */;
			buildSettings = {
				ASSETCATALOG_COMPILER_APPICON_NAME = AppIcon;
				DEVELOPMENT_TEAM = 485UNLA592;
				INFOPLIST_FILE = "$(SRCROOT)/Timmee/Resources/Plists/Info.plist";
				IPHONEOS_DEPLOYMENT_TARGET = 9.0;
				LD_RUNPATH_SEARCH_PATHS = "$(inherited) @executable_path/Frameworks";
				PRODUCT_BUNDLE_IDENTIFIER = com.mesterra.timmee;
				PRODUCT_NAME = "$(TARGET_NAME)";
				SWIFT_OBJC_BRIDGING_HEADER = Timmee/Sources/BridgingHeader.h;
				SWIFT_VERSION = 3.0;
			};
			name = Debug;
		};
		96E543591F49EBB20081C6F0 /* Release */ = {
			isa = XCBuildConfiguration;
			baseConfigurationReference = FA9D4E103927E9235B2BD08D /* Pods-Timmee.release.xcconfig */;
			buildSettings = {
				ASSETCATALOG_COMPILER_APPICON_NAME = AppIcon;
				DEVELOPMENT_TEAM = 485UNLA592;
				INFOPLIST_FILE = "$(SRCROOT)/Timmee/Resources/Plists/Info.plist";
				IPHONEOS_DEPLOYMENT_TARGET = 9.0;
				LD_RUNPATH_SEARCH_PATHS = "$(inherited) @executable_path/Frameworks";
				PRODUCT_BUNDLE_IDENTIFIER = com.mesterra.timmee;
				PRODUCT_NAME = "$(TARGET_NAME)";
				SWIFT_OBJC_BRIDGING_HEADER = Timmee/Sources/BridgingHeader.h;
				SWIFT_VERSION = 3.0;
			};
			name = Release;
		};
		96E5435B1F49EBB20081C6F0 /* Debug */ = {
			isa = XCBuildConfiguration;
			buildSettings = {
				ALWAYS_EMBED_SWIFT_STANDARD_LIBRARIES = YES;
				BUNDLE_LOADER = "$(TEST_HOST)";
				DEVELOPMENT_TEAM = 485UNLA592;
				INFOPLIST_FILE = TimmeeTests/Info.plist;
				LD_RUNPATH_SEARCH_PATHS = "$(inherited) @executable_path/Frameworks @loader_path/Frameworks";
				PRODUCT_BUNDLE_IDENTIFIER = com.mesterra.TimmeeTests;
				PRODUCT_NAME = "$(TARGET_NAME)";
				SWIFT_VERSION = 3.0;
				TEST_HOST = "$(BUILT_PRODUCTS_DIR)/Timmee.app/Timmee";
			};
			name = Debug;
		};
		96E5435C1F49EBB20081C6F0 /* Release */ = {
			isa = XCBuildConfiguration;
			buildSettings = {
				ALWAYS_EMBED_SWIFT_STANDARD_LIBRARIES = YES;
				BUNDLE_LOADER = "$(TEST_HOST)";
				DEVELOPMENT_TEAM = 485UNLA592;
				INFOPLIST_FILE = TimmeeTests/Info.plist;
				LD_RUNPATH_SEARCH_PATHS = "$(inherited) @executable_path/Frameworks @loader_path/Frameworks";
				PRODUCT_BUNDLE_IDENTIFIER = com.mesterra.TimmeeTests;
				PRODUCT_NAME = "$(TARGET_NAME)";
				SWIFT_VERSION = 3.0;
				TEST_HOST = "$(BUILT_PRODUCTS_DIR)/Timmee.app/Timmee";
			};
			name = Release;
		};
/* End XCBuildConfiguration section */

/* Begin XCConfigurationList section */
		96E543321F49EBB20081C6F0 /* Build configuration list for PBXProject "Timmee" */ = {
			isa = XCConfigurationList;
			buildConfigurations = (
				96E543551F49EBB20081C6F0 /* Debug */,
				96E543561F49EBB20081C6F0 /* Release */,
			);
			defaultConfigurationIsVisible = 0;
			defaultConfigurationName = Release;
		};
		96E543571F49EBB20081C6F0 /* Build configuration list for PBXNativeTarget "Timmee" */ = {
			isa = XCConfigurationList;
			buildConfigurations = (
				96E543581F49EBB20081C6F0 /* Debug */,
				96E543591F49EBB20081C6F0 /* Release */,
			);
			defaultConfigurationIsVisible = 0;
			defaultConfigurationName = Release;
		};
		96E5435A1F49EBB20081C6F0 /* Build configuration list for PBXNativeTarget "TimmeeTests" */ = {
			isa = XCConfigurationList;
			buildConfigurations = (
				96E5435B1F49EBB20081C6F0 /* Debug */,
				96E5435C1F49EBB20081C6F0 /* Release */,
			);
			defaultConfigurationIsVisible = 0;
			defaultConfigurationName = Release;
		};
/* End XCConfigurationList section */

/* Begin XCVersionGroup section */
		96E543611F49ED890081C6F0 /* Timmee.xcdatamodeld */ = {
			isa = XCVersionGroup;
			children = (
				96E543621F49ED890081C6F0 /* Timmee.xcdatamodel */,
			);
			currentVersion = 96E543621F49ED890081C6F0 /* Timmee.xcdatamodel */;
			path = Timmee.xcdatamodeld;
			sourceTree = "<group>";
			versionGroupType = wrapper.xcdatamodel;
		};
/* End XCVersionGroup section */
	};
	rootObject = 96E5432F1F49EBB20081C6F0 /* Project object */;
}
