PODS:
  - Charts (3.2.0):
    - Charts/Core (= 3.2.0)
  - Charts/Core (3.2.0)
  - Crashlytics (3.10.8):
    - Fabric (~> 1.7.12)
  - Fabric (1.7.12)
  - Foto (0.3)
  - SwipeCellKit (2.5.0)

DEPENDENCIES:
  - Charts
  - Crashlytics
  - Fabric
  - Foto
  - SwipeCellKit

SPEC REPOS:
  https://github.com/cocoapods/specs.git:
    - Charts
    - Crashlytics
    - Fabric
    - Foto
    - SwipeCellKit

SPEC CHECKSUMS:
  Charts: 680c8328bd5e90cb14f67e00d2176f3113d19141
  Crashlytics: 058dc1ba579f6c100bc60a6878703779bff383c4
  Fabric: d7387db9a31aadff63b147a4b91d982c53afaa4f
  Foto: 6eb4eacbbc9a0a56418891347128b2ab0fd16553
  SwipeCellKit: d8f2617538ce3021cb0a11d1b93856a06a2f2e20

PODFILE CHECKSUM: f4ad8503671bc195759914be0bc3aa3a54133412

COCOAPODS: 1.6.0.beta.1
