// !$*UTF8*$!
{
	archiveVersion = 1;
	classes = {
	};
	objectVersion = 50;
	objects = {

/* Begin PBXBuildFile section */
		09C625B6EEC90BAD07A06E28 /* Pods_TasksKit.framework in Frameworks */ = {isa = PBXBuildFile; fileRef = 48C675C8B3589592E0AA541C /* Pods_TasksKit.framework */; };
		0C2B9D242212A9D20038F11D /* ChildEntity.swift in Sources */ = {isa = PBXBuildFile; fileRef = 0C2B9D232212A9D20038F11D /* ChildEntity.swift */; };
		0C4082E222E6DFBE00D899A9 /* DiaryService.swift in Sources */ = {isa = PBXBuildFile; fileRef = 0C4082E122E6DFBE00D899A9 /* DiaryService.swift */; };
		0C4082E422E6E30600D899A9 /* DiaryEntry.swift in Sources */ = {isa = PBXBuildFile; fileRef = 0C4082E322E6E30600D899A9 /* DiaryEntry.swift */; };
		0C4082E822E6E87000D899A9 /* DiaryEntryEntity+Mapping.swift in Sources */ = {isa = PBXBuildFile; fileRef = 0C4082E722E6E87000D899A9 /* DiaryEntryEntity+Mapping.swift */; };
		0C86E4DD22DC550200DA7B15 /* CacheObserverProtocols.swift in Sources */ = {isa = PBXBuildFile; fileRef = 0C86E4DB22DC550200DA7B15 /* CacheObserverProtocols.swift */; };
		0C86E4DE22DC550200DA7B15 /* CoreDataChange.swift in Sources */ = {isa = PBXBuildFile; fileRef = 0C86E4DC22DC550200DA7B15 /* CoreDataChange.swift */; };
		0C86E4DF22DC552200DA7B15 /* CacheObserver.swift in Sources */ = {isa = PBXBuildFile; fileRef = 0CE018222077B2BD00633EFF /* CacheObserver.swift */; };
		0C90018C21F98FB700D6C15F /* ModifiableEntity.swift in Sources */ = {isa = PBXBuildFile; fileRef = 0C90018B21F98FB700D6C15F /* ModifiableEntity.swift */; };
		0C90018E21F9912100D6C15F /* IdentifiableEntity.swift in Sources */ = {isa = PBXBuildFile; fileRef = 0C90018D21F9912100D6C15F /* IdentifiableEntity.swift */; };
		0C90019021F9C49800D6C15F /* SyncableEntity.swift in Sources */ = {isa = PBXBuildFile; fileRef = 0C90018F21F9C49800D6C15F /* SyncableEntity.swift */; };
		0C9B23BE2077B688009EF6DE /* Workset.framework in Frameworks */ = {isa = PBXBuildFile; fileRef = 0C9B23BD2077B688009EF6DE /* Workset.framework */; };
		0C9B24092077B9EE009EF6DE /* NSManagedObjectContext+Create.swift in Sources */ = {isa = PBXBuildFile; fileRef = 0C9B24072077B9EE009EF6DE /* NSManagedObjectContext+Create.swift */; };
		0C9B240A2077B9EE009EF6DE /* NSManagedObject+entityName.swift in Sources */ = {isa = PBXBuildFile; fileRef = 0C9B24082077B9EE009EF6DE /* NSManagedObject+entityName.swift */; };
		0C9B242F207E244B009EF6DE /* TableViewCacheAdapter.swift in Sources */ = {isa = PBXBuildFile; fileRef = 0C9B242E207E244B009EF6DE /* TableViewCacheAdapter.swift */; };
		0C9B2431207E2457009EF6DE /* CollectionViewCacheAdapter.swift in Sources */ = {isa = PBXBuildFile; fileRef = 0C9B2430207E2457009EF6DE /* CollectionViewCacheAdapter.swift */; };
		0CE017F42077B09200633EFF /* TasksKit.h in Headers */ = {isa = PBXBuildFile; fileRef = 0CE017F22077B09200633EFF /* TasksKit.h */; settings = {ATTRIBUTES = (Public, ); }; };
		0CE018052077B24200633EFF /* Timmee.xcdatamodeld in Sources */ = {isa = PBXBuildFile; fileRef = 0CE018032077B24200633EFF /* Timmee.xcdatamodeld */; };
		0CE018532077B2BD00633EFF /* ServicesAssembly.swift in Sources */ = {isa = PBXBuildFile; fileRef = 0CE0180B2077B2BD00633EFF /* ServicesAssembly.swift */; };
		0CE018552077B2BD00633EFF /* ListsService.swift in Sources */ = {isa = PBXBuildFile; fileRef = 0CE0180E2077B2BD00633EFF /* ListsService.swift */; };
		0CE018562077B2BD00633EFF /* TagsService.swift in Sources */ = {isa = PBXBuildFile; fileRef = 0CE0180F2077B2BD00633EFF /* TagsService.swift */; };
		0CE018572077B2BD00633EFF /* FilesService.swift in Sources */ = {isa = PBXBuildFile; fileRef = 0CE018102077B2BD00633EFF /* FilesService.swift */; };
		0CE018582077B2BD00633EFF /* SubtasksService.swift in Sources */ = {isa = PBXBuildFile; fileRef = 0CE018112077B2BD00633EFF /* SubtasksService.swift */; };
		0CE018592077B2BD00633EFF /* TasksService.swift in Sources */ = {isa = PBXBuildFile; fileRef = 0CE018122077B2BD00633EFF /* TasksService.swift */; };
		0CE0185A2077B2BD00633EFF /* TimeTemplatesService.swift in Sources */ = {isa = PBXBuildFile; fileRef = 0CE018132077B2BD00633EFF /* TimeTemplatesService.swift */; };
		0CE0185B2077B2BD00633EFF /* Subtask.swift in Sources */ = {isa = PBXBuildFile; fileRef = 0CE018152077B2BD00633EFF /* Subtask.swift */; };
		0CE0185C2077B2BD00633EFF /* List.swift in Sources */ = {isa = PBXBuildFile; fileRef = 0CE018162077B2BD00633EFF /* List.swift */; };
		0CE0185D2077B2BD00633EFF /* SmartList.swift in Sources */ = {isa = PBXBuildFile; fileRef = 0CE018172077B2BD00633EFF /* SmartList.swift */; };
		0CE0185E2077B2BD00633EFF /* Task.swift in Sources */ = {isa = PBXBuildFile; fileRef = 0CE018182077B2BD00633EFF /* Task.swift */; };
		0CE0185F2077B2BD00633EFF /* Tag.swift in Sources */ = {isa = PBXBuildFile; fileRef = 0CE018192077B2BD00633EFF /* Tag.swift */; };
		0CE018602077B2BD00633EFF /* TimeTemplate.swift in Sources */ = {isa = PBXBuildFile; fileRef = 0CE0181A2077B2BD00633EFF /* TimeTemplate.swift */; };
		0CE018612077B2BD00633EFF /* FetchRequest.swift in Sources */ = {isa = PBXBuildFile; fileRef = 0CE0181D2077B2BD00633EFF /* FetchRequest.swift */; };
		0CE018622077B2BD00633EFF /* SubtaskEntity+Mapping.swift in Sources */ = {isa = PBXBuildFile; fileRef = 0CE0181E2077B2BD00633EFF /* SubtaskEntity+Mapping.swift */; };
		0CE018632077B2BD00633EFF /* TaskEntity+Mapping.swift in Sources */ = {isa = PBXBuildFile; fileRef = 0CE0181F2077B2BD00633EFF /* TaskEntity+Mapping.swift */; };
		0CE018642077B2BD00633EFF /* TagEntity+Mapping.swift in Sources */ = {isa = PBXBuildFile; fileRef = 0CE018202077B2BD00633EFF /* TagEntity+Mapping.swift */; };
		0CE018652077B2BD00633EFF /* Database.swift in Sources */ = {isa = PBXBuildFile; fileRef = 0CE018212077B2BD00633EFF /* Database.swift */; };
		0CE018672077B2BD00633EFF /* ListEntity+Mapping.swift in Sources */ = {isa = PBXBuildFile; fileRef = 0CE018232077B2BD00633EFF /* ListEntity+Mapping.swift */; };
		0CE018682077B2BD00633EFF /* SmartListEntity+Mapping.swift in Sources */ = {isa = PBXBuildFile; fileRef = 0CE018242077B2BD00633EFF /* SmartListEntity+Mapping.swift */; };
		0CE018692077B2BD00633EFF /* TimeTemplateEntity+Mapping.swift in Sources */ = {isa = PBXBuildFile; fileRef = 0CE018252077B2BD00633EFF /* TimeTemplateEntity+Mapping.swift */; };
		0CE0186A2077B2BD00633EFF /* ListSorting.swift in Sources */ = {isa = PBXBuildFile; fileRef = 0CE018272077B2BD00633EFF /* ListSorting.swift */; };
		0CE0186C2077B2BD00633EFF /* NotificationMask.swift in Sources */ = {isa = PBXBuildFile; fileRef = 0CE018292077B2BD00633EFF /* NotificationMask.swift */; };
		0CE0186D2077B2BD00633EFF /* RepeatMask.swift in Sources */ = {isa = PBXBuildFile; fileRef = 0CE0182A2077B2BD00633EFF /* RepeatMask.swift */; };
		0CE0186E2077B2BD00633EFF /* ListIcon.swift in Sources */ = {isa = PBXBuildFile; fileRef = 0CE0182B2077B2BD00633EFF /* ListIcon.swift */; };
		0CE475542175AFBE005FD8CC /* SprintsService.swift in Sources */ = {isa = PBXBuildFile; fileRef = 0CE475532175AFBE005FD8CC /* SprintsService.swift */; };
		0CE4755A2175BAFF005FD8CC /* HabitsService.swift in Sources */ = {isa = PBXBuildFile; fileRef = 0CE475592175BAFF005FD8CC /* HabitsService.swift */; };
		0CE4755D2175DA1E005FD8CC /* GoalsService.swift in Sources */ = {isa = PBXBuildFile; fileRef = 0CE4755C2175DA1E005FD8CC /* GoalsService.swift */; };
		9606627B20A353D000B23EDF /* AudioPlayerService.swift in Sources */ = {isa = PBXBuildFile; fileRef = 9606627A20A353D000B23EDF /* AudioPlayerService.swift */; };
		961656062095FDD9001A8387 /* AudioRecordService.swift in Sources */ = {isa = PBXBuildFile; fileRef = 961656052095FDD9001A8387 /* AudioRecordService.swift */; };
		9686322121D91637004B13D1 /* LiveCacheFetcher.swift in Sources */ = {isa = PBXBuildFile; fileRef = 9686322021D91637004B13D1 /* LiveCacheFetcher.swift */; };
		96BE838E217511D700CDECAF /* Goal.swift in Sources */ = {isa = PBXBuildFile; fileRef = 96BE838D217511D700CDECAF /* Goal.swift */; };
		96BE8390217511E500CDECAF /* Habit.swift in Sources */ = {isa = PBXBuildFile; fileRef = 96BE838F217511E500CDECAF /* Habit.swift */; };
		96BE8392217511F400CDECAF /* Sprint.swift in Sources */ = {isa = PBXBuildFile; fileRef = 96BE8391217511F400CDECAF /* Sprint.swift */; };
		96BE8395217518AD00CDECAF /* GoalEntity+Mapping.swift in Sources */ = {isa = PBXBuildFile; fileRef = 96BE8394217518AD00CDECAF /* GoalEntity+Mapping.swift */; };
		96BE83972175190E00CDECAF /* HabitEntity+Mapping.swift in Sources */ = {isa = PBXBuildFile; fileRef = 96BE83962175190E00CDECAF /* HabitEntity+Mapping.swift */; };
		96BE8399217519A600CDECAF /* SprintEntity+Mapping.swift in Sources */ = {isa = PBXBuildFile; fileRef = 96BE8398217519A600CDECAF /* SprintEntity+Mapping.swift */; };
/* End PBXBuildFile section */

/* Begin PBXFileReference section */
		0C2B9D232212A9D20038F11D /* ChildEntity.swift */ = {isa = PBXFileReference; lastKnownFileType = sourcecode.swift; path = ChildEntity.swift; sourceTree = "<group>"; };
		0C4082E122E6DFBE00D899A9 /* DiaryService.swift */ = {isa = PBXFileReference; lastKnownFileType = sourcecode.swift; path = DiaryService.swift; sourceTree = "<group>"; };
		0C4082E322E6E30600D899A9 /* DiaryEntry.swift */ = {isa = PBXFileReference; lastKnownFileType = sourcecode.swift; path = DiaryEntry.swift; sourceTree = "<group>"; };
		0C4082E622E6E76A00D899A9 /* Timmee6.xcdatamodel */ = {isa = PBXFileReference; lastKnownFileType = wrapper.xcdatamodel; path = Timmee6.xcdatamodel; sourceTree = "<group>"; };
		0C4082E722E6E87000D899A9 /* DiaryEntryEntity+Mapping.swift */ = {isa = PBXFileReference; lastKnownFileType = sourcecode.swift; path = "DiaryEntryEntity+Mapping.swift"; sourceTree = "<group>"; };
		0C86E4DB22DC550200DA7B15 /* CacheObserverProtocols.swift */ = {isa = PBXFileReference; fileEncoding = 4; lastKnownFileType = sourcecode.swift; path = CacheObserverProtocols.swift; sourceTree = "<group>"; };
		0C86E4DC22DC550200DA7B15 /* CoreDataChange.swift */ = {isa = PBXFileReference; fileEncoding = 4; lastKnownFileType = sourcecode.swift; path = CoreDataChange.swift; sourceTree = "<group>"; };
		0C90018B21F98FB700D6C15F /* ModifiableEntity.swift */ = {isa = PBXFileReference; lastKnownFileType = sourcecode.swift; path = ModifiableEntity.swift; sourceTree = "<group>"; };
		0C90018D21F9912100D6C15F /* IdentifiableEntity.swift */ = {isa = PBXFileReference; lastKnownFileType = sourcecode.swift; path = IdentifiableEntity.swift; sourceTree = "<group>"; };
		0C90018F21F9C49800D6C15F /* SyncableEntity.swift */ = {isa = PBXFileReference; lastKnownFileType = sourcecode.swift; path = SyncableEntity.swift; sourceTree = "<group>"; };
		0C9999CE21E755D000DD2040 /* Timmee2.xcdatamodel */ = {isa = PBXFileReference; lastKnownFileType = wrapper.xcdatamodel; path = Timmee2.xcdatamodel; sourceTree = "<group>"; };
		0C9B23BD2077B688009EF6DE /* Workset.framework */ = {isa = PBXFileReference; explicitFileType = wrapper.framework; path = Workset.framework; sourceTree = BUILT_PRODUCTS_DIR; };
		0C9B24072077B9EE009EF6DE /* NSManagedObjectContext+Create.swift */ = {isa = PBXFileReference; fileEncoding = 4; lastKnownFileType = sourcecode.swift; path = "NSManagedObjectContext+Create.swift"; sourceTree = "<group>"; };
		0C9B24082077B9EE009EF6DE /* NSManagedObject+entityName.swift */ = {isa = PBXFileReference; fileEncoding = 4; lastKnownFileType = sourcecode.swift; path = "NSManagedObject+entityName.swift"; sourceTree = "<group>"; };
		0C9B242E207E244B009EF6DE /* TableViewCacheAdapter.swift */ = {isa = PBXFileReference; lastKnownFileType = sourcecode.swift; path = TableViewCacheAdapter.swift; sourceTree = "<group>"; };
		0C9B2430207E2457009EF6DE /* CollectionViewCacheAdapter.swift */ = {isa = PBXFileReference; lastKnownFileType = sourcecode.swift; path = CollectionViewCacheAdapter.swift; sourceTree = "<group>"; };
		0CC4063721F0B1DC0069C6C5 /* Timmee3.xcdatamodel */ = {isa = PBXFileReference; lastKnownFileType = wrapper.xcdatamodel; path = Timmee3.xcdatamodel; sourceTree = "<group>"; };
		0CE017EF2077B09200633EFF /* TasksKit.framework */ = {isa = PBXFileReference; explicitFileType = wrapper.framework; includeInIndex = 0; path = TasksKit.framework; sourceTree = BUILT_PRODUCTS_DIR; };
		0CE017F22077B09200633EFF /* TasksKit.h */ = {isa = PBXFileReference; lastKnownFileType = sourcecode.c.h; path = TasksKit.h; sourceTree = "<group>"; };
		0CE017F32077B09200633EFF /* Info.plist */ = {isa = PBXFileReference; lastKnownFileType = text.plist.xml; path = Info.plist; sourceTree = "<group>"; };
		0CE018042077B24200633EFF /* Timmee.xcdatamodel */ = {isa = PBXFileReference; lastKnownFileType = wrapper.xcdatamodel; path = Timmee.xcdatamodel; sourceTree = "<group>"; };
		0CE0180B2077B2BD00633EFF /* ServicesAssembly.swift */ = {isa = PBXFileReference; fileEncoding = 4; lastKnownFileType = sourcecode.swift; path = ServicesAssembly.swift; sourceTree = "<group>"; };
		0CE0180E2077B2BD00633EFF /* ListsService.swift */ = {isa = PBXFileReference; fileEncoding = 4; lastKnownFileType = sourcecode.swift; path = ListsService.swift; sourceTree = "<group>"; };
		0CE0180F2077B2BD00633EFF /* TagsService.swift */ = {isa = PBXFileReference; fileEncoding = 4; lastKnownFileType = sourcecode.swift; path = TagsService.swift; sourceTree = "<group>"; };
		0CE018102077B2BD00633EFF /* FilesService.swift */ = {isa = PBXFileReference; fileEncoding = 4; lastKnownFileType = sourcecode.swift; path = FilesService.swift; sourceTree = "<group>"; };
		0CE018112077B2BD00633EFF /* SubtasksService.swift */ = {isa = PBXFileReference; fileEncoding = 4; lastKnownFileType = sourcecode.swift; path = SubtasksService.swift; sourceTree = "<group>"; };
		0CE018122077B2BD00633EFF /* TasksService.swift */ = {isa = PBXFileReference; fileEncoding = 4; lastKnownFileType = sourcecode.swift; path = TasksService.swift; sourceTree = "<group>"; };
		0CE018132077B2BD00633EFF /* TimeTemplatesService.swift */ = {isa = PBXFileReference; fileEncoding = 4; lastKnownFileType = sourcecode.swift; path = TimeTemplatesService.swift; sourceTree = "<group>"; };
		0CE018152077B2BD00633EFF /* Subtask.swift */ = {isa = PBXFileReference; fileEncoding = 4; lastKnownFileType = sourcecode.swift; path = Subtask.swift; sourceTree = "<group>"; };
		0CE018162077B2BD00633EFF /* List.swift */ = {isa = PBXFileReference; fileEncoding = 4; lastKnownFileType = sourcecode.swift; path = List.swift; sourceTree = "<group>"; };
		0CE018172077B2BD00633EFF /* SmartList.swift */ = {isa = PBXFileReference; fileEncoding = 4; lastKnownFileType = sourcecode.swift; path = SmartList.swift; sourceTree = "<group>"; };
		0CE018182077B2BD00633EFF /* Task.swift */ = {isa = PBXFileReference; fileEncoding = 4; lastKnownFileType = sourcecode.swift; path = Task.swift; sourceTree = "<group>"; };
		0CE018192077B2BD00633EFF /* Tag.swift */ = {isa = PBXFileReference; fileEncoding = 4; lastKnownFileType = sourcecode.swift; path = Tag.swift; sourceTree = "<group>"; };
		0CE0181A2077B2BD00633EFF /* TimeTemplate.swift */ = {isa = PBXFileReference; fileEncoding = 4; lastKnownFileType = sourcecode.swift; path = TimeTemplate.swift; sourceTree = "<group>"; };
		0CE0181D2077B2BD00633EFF /* FetchRequest.swift */ = {isa = PBXFileReference; fileEncoding = 4; lastKnownFileType = sourcecode.swift; path = FetchRequest.swift; sourceTree = "<group>"; };
		0CE0181E2077B2BD00633EFF /* SubtaskEntity+Mapping.swift */ = {isa = PBXFileReference; fileEncoding = 4; lastKnownFileType = sourcecode.swift; path = "SubtaskEntity+Mapping.swift"; sourceTree = "<group>"; };
		0CE0181F2077B2BD00633EFF /* TaskEntity+Mapping.swift */ = {isa = PBXFileReference; fileEncoding = 4; lastKnownFileType = sourcecode.swift; path = "TaskEntity+Mapping.swift"; sourceTree = "<group>"; };
		0CE018202077B2BD00633EFF /* TagEntity+Mapping.swift */ = {isa = PBXFileReference; fileEncoding = 4; lastKnownFileType = sourcecode.swift; path = "TagEntity+Mapping.swift"; sourceTree = "<group>"; };
		0CE018212077B2BD00633EFF /* Database.swift */ = {isa = PBXFileReference; fileEncoding = 4; lastKnownFileType = sourcecode.swift; path = Database.swift; sourceTree = "<group>"; };
		0CE018222077B2BD00633EFF /* CacheObserver.swift */ = {isa = PBXFileReference; fileEncoding = 4; lastKnownFileType = sourcecode.swift; path = CacheObserver.swift; sourceTree = "<group>"; };
		0CE018232077B2BD00633EFF /* ListEntity+Mapping.swift */ = {isa = PBXFileReference; fileEncoding = 4; lastKnownFileType = sourcecode.swift; path = "ListEntity+Mapping.swift"; sourceTree = "<group>"; };
		0CE018242077B2BD00633EFF /* SmartListEntity+Mapping.swift */ = {isa = PBXFileReference; fileEncoding = 4; lastKnownFileType = sourcecode.swift; path = "SmartListEntity+Mapping.swift"; sourceTree = "<group>"; };
		0CE018252077B2BD00633EFF /* TimeTemplateEntity+Mapping.swift */ = {isa = PBXFileReference; fileEncoding = 4; lastKnownFileType = sourcecode.swift; path = "TimeTemplateEntity+Mapping.swift"; sourceTree = "<group>"; };
		0CE018272077B2BD00633EFF /* ListSorting.swift */ = {isa = PBXFileReference; fileEncoding = 4; lastKnownFileType = sourcecode.swift; path = ListSorting.swift; sourceTree = "<group>"; };
		0CE018292077B2BD00633EFF /* NotificationMask.swift */ = {isa = PBXFileReference; fileEncoding = 4; lastKnownFileType = sourcecode.swift; path = NotificationMask.swift; sourceTree = "<group>"; };
		0CE0182A2077B2BD00633EFF /* RepeatMask.swift */ = {isa = PBXFileReference; fileEncoding = 4; lastKnownFileType = sourcecode.swift; path = RepeatMask.swift; sourceTree = "<group>"; };
		0CE0182B2077B2BD00633EFF /* ListIcon.swift */ = {isa = PBXFileReference; fileEncoding = 4; lastKnownFileType = sourcecode.swift; path = ListIcon.swift; sourceTree = "<group>"; };
		0CE475532175AFBE005FD8CC /* SprintsService.swift */ = {isa = PBXFileReference; lastKnownFileType = sourcecode.swift; path = SprintsService.swift; sourceTree = "<group>"; };
		0CE475592175BAFF005FD8CC /* HabitsService.swift */ = {isa = PBXFileReference; lastKnownFileType = sourcecode.swift; path = HabitsService.swift; sourceTree = "<group>"; };
		0CE4755C2175DA1E005FD8CC /* GoalsService.swift */ = {isa = PBXFileReference; lastKnownFileType = sourcecode.swift; path = GoalsService.swift; sourceTree = "<group>"; };
		39F78E4BBF3044E283A0A1D0 /* Pods-TasksKit.release.xcconfig */ = {isa = PBXFileReference; includeInIndex = 1; lastKnownFileType = text.xcconfig; name = "Pods-TasksKit.release.xcconfig"; path = "Target Support Files/Pods-TasksKit/Pods-TasksKit.release.xcconfig"; sourceTree = "<group>"; };
		48C675C8B3589592E0AA541C /* Pods_TasksKit.framework */ = {isa = PBXFileReference; explicitFileType = wrapper.framework; includeInIndex = 0; path = Pods_TasksKit.framework; sourceTree = BUILT_PRODUCTS_DIR; };
		960164952228676700E30580 /* Timmee4.xcdatamodel */ = {isa = PBXFileReference; lastKnownFileType = wrapper.xcdatamodel; path = Timmee4.xcdatamodel; sourceTree = "<group>"; };
		9606627A20A353D000B23EDF /* AudioPlayerService.swift */ = {isa = PBXFileReference; lastKnownFileType = sourcecode.swift; path = AudioPlayerService.swift; sourceTree = "<group>"; };
		961656052095FDD9001A8387 /* AudioRecordService.swift */ = {isa = PBXFileReference; lastKnownFileType = sourcecode.swift; path = AudioRecordService.swift; sourceTree = "<group>"; };
		963972052481307800BF141D /* Timmee8.xcdatamodel */ = {isa = PBXFileReference; lastKnownFileType = wrapper.xcdatamodel; path = Timmee8.xcdatamodel; sourceTree = "<group>"; };
		96584ADFC27D1AFD9595A571 /* Pods-TasksKit.debug.xcconfig */ = {isa = PBXFileReference; includeInIndex = 1; lastKnownFileType = text.xcconfig; name = "Pods-TasksKit.debug.xcconfig"; path = "Target Support Files/Pods-TasksKit/Pods-TasksKit.debug.xcconfig"; sourceTree = "<group>"; };
		9685BDE822BF7176005E5126 /* Timmee5.xcdatamodel */ = {isa = PBXFileReference; lastKnownFileType = wrapper.xcdatamodel; path = Timmee5.xcdatamodel; sourceTree = "<group>"; };
		9686322021D91637004B13D1 /* LiveCacheFetcher.swift */ = {isa = PBXFileReference; lastKnownFileType = sourcecode.swift; path = LiveCacheFetcher.swift; sourceTree = "<group>"; };
		96BE838D217511D700CDECAF /* Goal.swift */ = {isa = PBXFileReference; lastKnownFileType = sourcecode.swift; path = Goal.swift; sourceTree = "<group>"; };
		96BE838F217511E500CDECAF /* Habit.swift */ = {isa = PBXFileReference; lastKnownFileType = sourcecode.swift; path = Habit.swift; sourceTree = "<group>"; };
		96BE8391217511F400CDECAF /* Sprint.swift */ = {isa = PBXFileReference; lastKnownFileType = sourcecode.swift; path = Sprint.swift; sourceTree = "<group>"; };
		96BE8394217518AD00CDECAF /* GoalEntity+Mapping.swift */ = {isa = PBXFileReference; lastKnownFileType = sourcecode.swift; path = "GoalEntity+Mapping.swift"; sourceTree = "<group>"; };
		96BE83962175190E00CDECAF /* HabitEntity+Mapping.swift */ = {isa = PBXFileReference; lastKnownFileType = sourcecode.swift; path = "HabitEntity+Mapping.swift"; sourceTree = "<group>"; };
		96BE8398217519A600CDECAF /* SprintEntity+Mapping.swift */ = {isa = PBXFileReference; lastKnownFileType = sourcecode.swift; path = "SprintEntity+Mapping.swift"; sourceTree = "<group>"; };
		96C55A2123B7429F0091DC19 /* Timmee7.xcdatamodel */ = {isa = PBXFileReference; lastKnownFileType = wrapper.xcdatamodel; path = Timmee7.xcdatamodel; sourceTree = "<group>"; };
/* End PBXFileReference section */

/* Begin PBXFrameworksBuildPhase section */
		0CE017EB2077B09200633EFF /* Frameworks */ = {
			isa = PBXFrameworksBuildPhase;
			buildActionMask = 2147483647;
			files = (
				0C9B23BE2077B688009EF6DE /* Workset.framework in Frameworks */,
				09C625B6EEC90BAD07A06E28 /* Pods_TasksKit.framework in Frameworks */,
			);
			runOnlyForDeploymentPostprocessing = 0;
		};
/* End PBXFrameworksBuildPhase section */

/* Begin PBXGroup section */
		0C2B9D14220D96B40038F11D /* Todo */ = {
			isa = PBXGroup;
			children = (
				0CE0180E2077B2BD00633EFF /* ListsService.swift */,
				0CE018122077B2BD00633EFF /* TasksService.swift */,
				0CE018112077B2BD00633EFF /* SubtasksService.swift */,
				0CE0180F2077B2BD00633EFF /* TagsService.swift */,
				0CE018132077B2BD00633EFF /* TimeTemplatesService.swift */,
				0CE018102077B2BD00633EFF /* FilesService.swift */,
				961656052095FDD9001A8387 /* AudioRecordService.swift */,
				9606627A20A353D000B23EDF /* AudioPlayerService.swift */,
			);
			path = Todo;
			sourceTree = "<group>";
		};
		0C4082E522E6E31400D899A9 /* Todo */ = {
			isa = PBXGroup;
			children = (
				0CE018162077B2BD00633EFF /* List.swift */,
				0CE018172077B2BD00633EFF /* SmartList.swift */,
				0CE018182077B2BD00633EFF /* Task.swift */,
				0CE018152077B2BD00633EFF /* Subtask.swift */,
				0CE018192077B2BD00633EFF /* Tag.swift */,
				0CE0181A2077B2BD00633EFF /* TimeTemplate.swift */,
			);
			path = Todo;
			sourceTree = "<group>";
		};
		0C90018A21F98F7D00D6C15F /* Todo */ = {
			isa = PBXGroup;
			children = (
				0CE0181E2077B2BD00633EFF /* SubtaskEntity+Mapping.swift */,
				0CE0181F2077B2BD00633EFF /* TaskEntity+Mapping.swift */,
				0CE018202077B2BD00633EFF /* TagEntity+Mapping.swift */,
				0CE018232077B2BD00633EFF /* ListEntity+Mapping.swift */,
				0CE018242077B2BD00633EFF /* SmartListEntity+Mapping.swift */,
				0CE018252077B2BD00633EFF /* TimeTemplateEntity+Mapping.swift */,
			);
			path = Todo;
			sourceTree = "<group>";
		};
		0C9B24052077B9D4009EF6DE /* Extensions */ = {
			isa = PBXGroup;
			children = (
				0C9B24062077B9EE009EF6DE /* CoreData */,
			);
			path = Extensions;
			sourceTree = "<group>";
		};
		0C9B24062077B9EE009EF6DE /* CoreData */ = {
			isa = PBXGroup;
			children = (
				0C9B24072077B9EE009EF6DE /* NSManagedObjectContext+Create.swift */,
				0C9B24082077B9EE009EF6DE /* NSManagedObject+entityName.swift */,
			);
			path = CoreData;
			sourceTree = "<group>";
		};
		0C9B2429207CDBA5009EF6DE /* Mappers */ = {
			isa = PBXGroup;
			children = (
				0C90018D21F9912100D6C15F /* IdentifiableEntity.swift */,
				0C90018B21F98FB700D6C15F /* ModifiableEntity.swift */,
				0C90018F21F9C49800D6C15F /* SyncableEntity.swift */,
				0C2B9D232212A9D20038F11D /* ChildEntity.swift */,
				0C90018A21F98F7D00D6C15F /* Todo */,
				96BE8393217517CE00CDECAF /* Agilee */,
			);
			path = Mappers;
			sourceTree = "<group>";
		};
		0C9B242D207E228F009EF6DE /* CacheObserver */ = {
			isa = PBXGroup;
			children = (
				0C86E4DB22DC550200DA7B15 /* CacheObserverProtocols.swift */,
				0C86E4DC22DC550200DA7B15 /* CoreDataChange.swift */,
				0CE018222077B2BD00633EFF /* CacheObserver.swift */,
				0C9B242E207E244B009EF6DE /* TableViewCacheAdapter.swift */,
				0C9B2430207E2457009EF6DE /* CollectionViewCacheAdapter.swift */,
				9686322021D91637004B13D1 /* LiveCacheFetcher.swift */,
			);
			path = CacheObserver;
			sourceTree = "<group>";
		};
		0CE017E52077B09200633EFF = {
			isa = PBXGroup;
			children = (
				0CE017F12077B09200633EFF /* TasksKit */,
				0CE017F02077B09200633EFF /* Products */,
				A775B53DCC2E8BBC1617B99F /* Frameworks */,
				F4A3CB7D0604E0A25CCCBF4A /* Pods */,
			);
			sourceTree = "<group>";
		};
		0CE017F02077B09200633EFF /* Products */ = {
			isa = PBXGroup;
			children = (
				0CE017EF2077B09200633EFF /* TasksKit.framework */,
			);
			name = Products;
			sourceTree = "<group>";
		};
		0CE017F12077B09200633EFF /* TasksKit */ = {
			isa = PBXGroup;
			children = (
				0CE017FC2077B1F100633EFF /* Sources */,
				0CE017FD2077B1F900633EFF /* Resources */,
				0CE017F22077B09200633EFF /* TasksKit.h */,
				0CE017F32077B09200633EFF /* Info.plist */,
			);
			path = TasksKit;
			sourceTree = "<group>";
		};
		0CE017FC2077B1F100633EFF /* Sources */ = {
			isa = PBXGroup;
			children = (
				0C9B24052077B9D4009EF6DE /* Extensions */,
				0CE0181B2077B2BD00633EFF /* Core layer */,
				0CE018092077B2BD00633EFF /* Service layer */,
			);
			path = Sources;
			sourceTree = "<group>";
		};
		0CE017FD2077B1F900633EFF /* Resources */ = {
			isa = PBXGroup;
			children = (
				0CE018022077B24200633EFF /* Database */,
			);
			path = Resources;
			sourceTree = "<group>";
		};
		0CE018022077B24200633EFF /* Database */ = {
			isa = PBXGroup;
			children = (
				0CE018032077B24200633EFF /* Timmee.xcdatamodeld */,
			);
			path = Database;
			sourceTree = "<group>";
		};
		0CE018092077B2BD00633EFF /* Service layer */ = {
			isa = PBXGroup;
			children = (
				0CE0180A2077B2BD00633EFF /* Assembly */,
				0CE0180C2077B2BD00633EFF /* Services */,
				0CE018142077B2BD00633EFF /* Entities */,
				0C9B2429207CDBA5009EF6DE /* Mappers */,
			);
			path = "Service layer";
			sourceTree = "<group>";
		};
		0CE0180A2077B2BD00633EFF /* Assembly */ = {
			isa = PBXGroup;
			children = (
				0CE0180B2077B2BD00633EFF /* ServicesAssembly.swift */,
			);
			path = Assembly;
			sourceTree = "<group>";
		};
		0CE0180C2077B2BD00633EFF /* Services */ = {
			isa = PBXGroup;
			children = (
				0C2B9D14220D96B40038F11D /* Todo */,
				0CE475522175AF86005FD8CC /* Agile diary */,
			);
			path = Services;
			sourceTree = "<group>";
		};
		0CE018142077B2BD00633EFF /* Entities */ = {
			isa = PBXGroup;
			children = (
				0C4082E522E6E31400D899A9 /* Todo */,
				96BE838C217511C500CDECAF /* Agilee */,
			);
			path = Entities;
			sourceTree = "<group>";
		};
		0CE0181B2077B2BD00633EFF /* Core layer */ = {
			isa = PBXGroup;
			children = (
				0CE0181C2077B2BD00633EFF /* Database */,
				0CE018262077B2BD00633EFF /* Enums */,
			);
			path = "Core layer";
			sourceTree = "<group>";
		};
		0CE0181C2077B2BD00633EFF /* Database */ = {
			isa = PBXGroup;
			children = (
				0C9B242D207E228F009EF6DE /* CacheObserver */,
				0CE018212077B2BD00633EFF /* Database.swift */,
				0CE0181D2077B2BD00633EFF /* FetchRequest.swift */,
			);
			path = Database;
			sourceTree = "<group>";
		};
		0CE018262077B2BD00633EFF /* Enums */ = {
			isa = PBXGroup;
			children = (
				0CE018272077B2BD00633EFF /* ListSorting.swift */,
				0CE018292077B2BD00633EFF /* NotificationMask.swift */,
				0CE0182A2077B2BD00633EFF /* RepeatMask.swift */,
				0CE0182B2077B2BD00633EFF /* ListIcon.swift */,
			);
			path = Enums;
			sourceTree = "<group>";
		};
		0CE475522175AF86005FD8CC /* Agile diary */ = {
			isa = PBXGroup;
			children = (
				0CE475532175AFBE005FD8CC /* SprintsService.swift */,
				0CE475592175BAFF005FD8CC /* HabitsService.swift */,
				0CE4755C2175DA1E005FD8CC /* GoalsService.swift */,
				0C4082E122E6DFBE00D899A9 /* DiaryService.swift */,
			);
			path = "Agile diary";
			sourceTree = "<group>";
		};
		96BE838C217511C500CDECAF /* Agilee */ = {
			isa = PBXGroup;
			children = (
				96BE8391217511F400CDECAF /* Sprint.swift */,
				96BE838F217511E500CDECAF /* Habit.swift */,
				96BE838D217511D700CDECAF /* Goal.swift */,
				0C4082E322E6E30600D899A9 /* DiaryEntry.swift */,
			);
			path = Agilee;
			sourceTree = "<group>";
		};
		96BE8393217517CE00CDECAF /* Agilee */ = {
			isa = PBXGroup;
			children = (
				96BE8398217519A600CDECAF /* SprintEntity+Mapping.swift */,
				96BE83962175190E00CDECAF /* HabitEntity+Mapping.swift */,
				96BE8394217518AD00CDECAF /* GoalEntity+Mapping.swift */,
				0C4082E722E6E87000D899A9 /* DiaryEntryEntity+Mapping.swift */,
			);
			path = Agilee;
			sourceTree = "<group>";
		};
		A775B53DCC2E8BBC1617B99F /* Frameworks */ = {
			isa = PBXGroup;
			children = (
				0C9B23BD2077B688009EF6DE /* Workset.framework */,
				48C675C8B3589592E0AA541C /* Pods_TasksKit.framework */,
			);
			name = Frameworks;
			sourceTree = "<group>";
		};
		F4A3CB7D0604E0A25CCCBF4A /* Pods */ = {
			isa = PBXGroup;
			children = (
				96584ADFC27D1AFD9595A571 /* Pods-TasksKit.debug.xcconfig */,
				39F78E4BBF3044E283A0A1D0 /* Pods-TasksKit.release.xcconfig */,
			);
			path = Pods;
			sourceTree = "<group>";
		};
/* End PBXGroup section */

/* Begin PBXHeadersBuildPhase section */
		0CE017EC2077B09200633EFF /* Headers */ = {
			isa = PBXHeadersBuildPhase;
			buildActionMask = 2147483647;
			files = (
				0CE017F42077B09200633EFF /* TasksKit.h in Headers */,
			);
			runOnlyForDeploymentPostprocessing = 0;
		};
/* End PBXHeadersBuildPhase section */

/* Begin PBXNativeTarget section */
		0CE017EE2077B09200633EFF /* TasksKit */ = {
			isa = PBXNativeTarget;
			buildConfigurationList = 0CE017F72077B09200633EFF /* Build configuration list for PBXNativeTarget "TasksKit" */;
			buildPhases = (
				4570AD075017E5149A47435A /* [CP] Check Pods Manifest.lock */,
				0CE017EA2077B09200633EFF /* Sources */,
				0CE017EB2077B09200633EFF /* Frameworks */,
				0CE017EC2077B09200633EFF /* Headers */,
				0CE017ED2077B09200633EFF /* Resources */,
			);
			buildRules = (
			);
			dependencies = (
			);
			name = TasksKit;
			productName = TasksCore;
			productReference = 0CE017EF2077B09200633EFF /* TasksKit.framework */;
			productType = "com.apple.product-type.framework";
		};
/* End PBXNativeTarget section */

/* Begin PBXProject section */
		0CE017E62077B09200633EFF /* Project object */ = {
			isa = PBXProject;
			attributes = {
				LastUpgradeCheck = 0930;
				ORGANIZATIONNAME = Mesterra;
				TargetAttributes = {
					0CE017EE2077B09200633EFF = {
						CreatedOnToolsVersion = 9.3;
					};
				};
			};
			buildConfigurationList = 0CE017E92077B09200633EFF /* Build configuration list for PBXProject "TasksKit" */;
			compatibilityVersion = "Xcode 9.3";
			developmentRegion = en;
			hasScannedForEncodings = 0;
			knownRegions = (
				en,
			);
			mainGroup = 0CE017E52077B09200633EFF;
			productRefGroup = 0CE017F02077B09200633EFF /* Products */;
			projectDirPath = "";
			projectRoot = "";
			targets = (
				0CE017EE2077B09200633EFF /* TasksKit */,
			);
		};
/* End PBXProject section */

/* Begin PBXResourcesBuildPhase section */
		0CE017ED2077B09200633EFF /* Resources */ = {
			isa = PBXResourcesBuildPhase;
			buildActionMask = 2147483647;
			files = (
			);
			runOnlyForDeploymentPostprocessing = 0;
		};
/* End PBXResourcesBuildPhase section */

/* Begin PBXShellScriptBuildPhase section */
		4570AD075017E5149A47435A /* [CP] Check Pods Manifest.lock */ = {
			isa = PBXShellScriptBuildPhase;
			buildActionMask = 2147483647;
			files = (
			);
			inputFileListPaths = (
			);
			inputPaths = (
				"${PODS_PODFILE_DIR_PATH}/Podfile.lock",
				"${PODS_ROOT}/Manifest.lock",
			);
			name = "[CP] Check Pods Manifest.lock";
			outputFileListPaths = (
			);
			outputPaths = (
				"$(DERIVED_FILE_DIR)/Pods-TasksKit-checkManifestLockResult.txt",
			);
			runOnlyForDeploymentPostprocessing = 0;
			shellPath = /bin/sh;
			shellScript = "diff \"${PODS_PODFILE_DIR_PATH}/Podfile.lock\" \"${PODS_ROOT}/Manifest.lock\" > /dev/null\nif [ $? != 0 ] ; then\n    # print error to STDERR\n    echo \"error: The sandbox is not in sync with the Podfile.lock. Run 'pod install' or update your CocoaPods installation.\" >&2\n    exit 1\nfi\n# This output is used by Xcode 'outputs' to avoid re-running this script phase.\necho \"SUCCESS\" > \"${SCRIPT_OUTPUT_FILE_0}\"\n";
			showEnvVarsInLog = 0;
		};
/* End PBXShellScriptBuildPhase section */

/* Begin PBXSourcesBuildPhase section */
		0CE017EA2077B09200633EFF /* Sources */ = {
			isa = PBXSourcesBuildPhase;
			buildActionMask = 2147483647;
			files = (
				0C90018E21F9912100D6C15F /* IdentifiableEntity.swift in Sources */,
				0C9B240A2077B9EE009EF6DE /* NSManagedObject+entityName.swift in Sources */,
				9606627B20A353D000B23EDF /* AudioPlayerService.swift in Sources */,
				0CE018612077B2BD00633EFF /* FetchRequest.swift in Sources */,
				0CE0186C2077B2BD00633EFF /* NotificationMask.swift in Sources */,
				0CE018582077B2BD00633EFF /* SubtasksService.swift in Sources */,
				0CE018682077B2BD00633EFF /* SmartListEntity+Mapping.swift in Sources */,
				0CE018692077B2BD00633EFF /* TimeTemplateEntity+Mapping.swift in Sources */,
				96BE8390217511E500CDECAF /* Habit.swift in Sources */,
				96BE8395217518AD00CDECAF /* GoalEntity+Mapping.swift in Sources */,
				0CE018572077B2BD00633EFF /* FilesService.swift in Sources */,
				0CE018562077B2BD00633EFF /* TagsService.swift in Sources */,
				0CE018592077B2BD00633EFF /* TasksService.swift in Sources */,
				0CE0186E2077B2BD00633EFF /* ListIcon.swift in Sources */,
				96BE838E217511D700CDECAF /* Goal.swift in Sources */,
				0C4082E222E6DFBE00D899A9 /* DiaryService.swift in Sources */,
				0C9B2431207E2457009EF6DE /* CollectionViewCacheAdapter.swift in Sources */,
				0CE0186A2077B2BD00633EFF /* ListSorting.swift in Sources */,
				0C9B242F207E244B009EF6DE /* TableViewCacheAdapter.swift in Sources */,
				0CE018672077B2BD00633EFF /* ListEntity+Mapping.swift in Sources */,
				9686322121D91637004B13D1 /* LiveCacheFetcher.swift in Sources */,
				0CE0186D2077B2BD00633EFF /* RepeatMask.swift in Sources */,
				0C4082E422E6E30600D899A9 /* DiaryEntry.swift in Sources */,
				0CE018602077B2BD00633EFF /* TimeTemplate.swift in Sources */,
				0CE018622077B2BD00633EFF /* SubtaskEntity+Mapping.swift in Sources */,
				0CE0185D2077B2BD00633EFF /* SmartList.swift in Sources */,
				0CE475542175AFBE005FD8CC /* SprintsService.swift in Sources */,
				0C86E4DE22DC550200DA7B15 /* CoreDataChange.swift in Sources */,
				0C90019021F9C49800D6C15F /* SyncableEntity.swift in Sources */,
				0C4082E822E6E87000D899A9 /* DiaryEntryEntity+Mapping.swift in Sources */,
				0CE4755D2175DA1E005FD8CC /* GoalsService.swift in Sources */,
				0CE018642077B2BD00633EFF /* TagEntity+Mapping.swift in Sources */,
				0C90018C21F98FB700D6C15F /* ModifiableEntity.swift in Sources */,
				0C2B9D242212A9D20038F11D /* ChildEntity.swift in Sources */,
				96BE83972175190E00CDECAF /* HabitEntity+Mapping.swift in Sources */,
				0CE4755A2175BAFF005FD8CC /* HabitsService.swift in Sources */,
				0CE0185B2077B2BD00633EFF /* Subtask.swift in Sources */,
				961656062095FDD9001A8387 /* AudioRecordService.swift in Sources */,
				0CE018632077B2BD00633EFF /* TaskEntity+Mapping.swift in Sources */,
				0CE0185C2077B2BD00633EFF /* List.swift in Sources */,
				0C86E4DF22DC552200DA7B15 /* CacheObserver.swift in Sources */,
				96BE8392217511F400CDECAF /* Sprint.swift in Sources */,
				0CE0185E2077B2BD00633EFF /* Task.swift in Sources */,
				0CE018552077B2BD00633EFF /* ListsService.swift in Sources */,
				0CE0185F2077B2BD00633EFF /* Tag.swift in Sources */,
				0C9B24092077B9EE009EF6DE /* NSManagedObjectContext+Create.swift in Sources */,
				0C86E4DD22DC550200DA7B15 /* CacheObserverProtocols.swift in Sources */,
				96BE8399217519A600CDECAF /* SprintEntity+Mapping.swift in Sources */,
				0CE0185A2077B2BD00633EFF /* TimeTemplatesService.swift in Sources */,
				0CE018052077B24200633EFF /* Timmee.xcdatamodeld in Sources */,
				0CE018652077B2BD00633EFF /* Database.swift in Sources */,
				0CE018532077B2BD00633EFF /* ServicesAssembly.swift in Sources */,
			);
			runOnlyForDeploymentPostprocessing = 0;
		};
/* End PBXSourcesBuildPhase section */

/* Begin XCBuildConfiguration section */
		0CE017F52077B09200633EFF /* Debug */ = {
			isa = XCBuildConfiguration;
			buildSettings = {
				ALWAYS_SEARCH_USER_PATHS = NO;
				CLANG_ANALYZER_NONNULL = YES;
				CLANG_ANALYZER_NUMBER_OBJECT_CONVERSION = YES_AGGRESSIVE;
				CLANG_CXX_LANGUAGE_STANDARD = "gnu++14";
				CLANG_CXX_LIBRARY = "libc++";
				CLANG_ENABLE_MODULES = YES;
				CLANG_ENABLE_OBJC_ARC = YES;
				CLANG_ENABLE_OBJC_WEAK = YES;
				CLANG_WARN_BLOCK_CAPTURE_AUTORELEASING = YES;
				CLANG_WARN_BOOL_CONVERSION = YES;
				CLANG_WARN_COMMA = YES;
				CLANG_WARN_CONSTANT_CONVERSION = YES;
				CLANG_WARN_DEPRECATED_OBJC_IMPLEMENTATIONS = YES;
				CLANG_WARN_DIRECT_OBJC_ISA_USAGE = YES_ERROR;
				CLANG_WARN_DOCUMENTATION_COMMENTS = YES;
				CLANG_WARN_EMPTY_BODY = YES;
				CLANG_WARN_ENUM_CONVERSION = YES;
				CLANG_WARN_INFINITE_RECURSION = YES;
				CLANG_WARN_INT_CONVERSION = YES;
				CLANG_WARN_NON_LITERAL_NULL_CONVERSION = YES;
				CLANG_WARN_OBJC_IMPLICIT_RETAIN_SELF = YES;
				CLANG_WARN_OBJC_LITERAL_CONVERSION = YES;
				CLANG_WARN_OBJC_ROOT_CLASS = YES_ERROR;
				CLANG_WARN_RANGE_LOOP_ANALYSIS = YES;
				CLANG_WARN_STRICT_PROTOTYPES = YES;
				CLANG_WARN_SUSPICIOUS_MOVE = YES;
				CLANG_WARN_UNGUARDED_AVAILABILITY = YES_AGGRESSIVE;
				CLANG_WARN_UNREACHABLE_CODE = YES;
				CLANG_WARN__DUPLICATE_METHOD_MATCH = YES;
				CODE_SIGN_IDENTITY = "iPhone Developer";
				COPY_PHASE_STRIP = NO;
				CURRENT_PROJECT_VERSION = 1;
				DEBUG_INFORMATION_FORMAT = dwarf;
				ENABLE_STRICT_OBJC_MSGSEND = YES;
				ENABLE_TESTABILITY = YES;
				GCC_C_LANGUAGE_STANDARD = gnu11;
				GCC_DYNAMIC_NO_PIC = NO;
				GCC_NO_COMMON_BLOCKS = YES;
				GCC_OPTIMIZATION_LEVEL = 0;
				GCC_PREPROCESSOR_DEFINITIONS = (
					"DEBUG=1",
					"$(inherited)",
				);
				GCC_WARN_64_TO_32_BIT_CONVERSION = YES;
				GCC_WARN_ABOUT_RETURN_TYPE = YES_ERROR;
				GCC_WARN_UNDECLARED_SELECTOR = YES;
				GCC_WARN_UNINITIALIZED_AUTOS = YES_AGGRESSIVE;
				GCC_WARN_UNUSED_FUNCTION = YES;
				GCC_WARN_UNUSED_VARIABLE = YES;
				IPHONEOS_DEPLOYMENT_TARGET = 11.3;
				MTL_ENABLE_DEBUG_INFO = YES;
				ONLY_ACTIVE_ARCH = YES;
				SDKROOT = iphoneos;
				SWIFT_ACTIVE_COMPILATION_CONDITIONS = DEBUG;
				SWIFT_OPTIMIZATION_LEVEL = "-Onone";
				VERSIONING_SYSTEM = "apple-generic";
				VERSION_INFO_PREFIX = "";
			};
			name = Debug;
		};
		0CE017F62077B09200633EFF /* Release */ = {
			isa = XCBuildConfiguration;
			buildSettings = {
				ALWAYS_SEARCH_USER_PATHS = NO;
				CLANG_ANALYZER_NONNULL = YES;
				CLANG_ANALYZER_NUMBER_OBJECT_CONVERSION = YES_AGGRESSIVE;
				CLANG_CXX_LANGUAGE_STANDARD = "gnu++14";
				CLANG_CXX_LIBRARY = "libc++";
				CLANG_ENABLE_MODULES = YES;
				CLANG_ENABLE_OBJC_ARC = YES;
				CLANG_ENABLE_OBJC_WEAK = YES;
				CLANG_WARN_BLOCK_CAPTURE_AUTORELEASING = YES;
				CLANG_WARN_BOOL_CONVERSION = YES;
				CLANG_WARN_COMMA = YES;
				CLANG_WARN_CONSTANT_CONVERSION = YES;
				CLANG_WARN_DEPRECATED_OBJC_IMPLEMENTATIONS = YES;
				CLANG_WARN_DIRECT_OBJC_ISA_USAGE = YES_ERROR;
				CLANG_WARN_DOCUMENTATION_COMMENTS = YES;
				CLANG_WARN_EMPTY_BODY = YES;
				CLANG_WARN_ENUM_CONVERSION = YES;
				CLANG_WARN_INFINITE_RECURSION = YES;
				CLANG_WARN_INT_CONVERSION = YES;
				CLANG_WARN_NON_LITERAL_NULL_CONVERSION = YES;
				CLANG_WARN_OBJC_IMPLICIT_RETAIN_SELF = YES;
				CLANG_WARN_OBJC_LITERAL_CONVERSION = YES;
				CLANG_WARN_OBJC_ROOT_CLASS = YES_ERROR;
				CLANG_WARN_RANGE_LOOP_ANALYSIS = YES;
				CLANG_WARN_STRICT_PROTOTYPES = YES;
				CLANG_WARN_SUSPICIOUS_MOVE = YES;
				CLANG_WARN_UNGUARDED_AVAILABILITY = YES_AGGRESSIVE;
				CLANG_WARN_UNREACHABLE_CODE = YES;
				CLANG_WARN__DUPLICATE_METHOD_MATCH = YES;
				CODE_SIGN_IDENTITY = "iPhone Developer";
				COPY_PHASE_STRIP = NO;
				CURRENT_PROJECT_VERSION = 1;
				DEBUG_INFORMATION_FORMAT = "dwarf-with-dsym";
				ENABLE_NS_ASSERTIONS = NO;
				ENABLE_STRICT_OBJC_MSGSEND = YES;
				GCC_C_LANGUAGE_STANDARD = gnu11;
				GCC_NO_COMMON_BLOCKS = YES;
				GCC_WARN_64_TO_32_BIT_CONVERSION = YES;
				GCC_WARN_ABOUT_RETURN_TYPE = YES_ERROR;
				GCC_WARN_UNDECLARED_SELECTOR = YES;
				GCC_WARN_UNINITIALIZED_AUTOS = YES_AGGRESSIVE;
				GCC_WARN_UNUSED_FUNCTION = YES;
				GCC_WARN_UNUSED_VARIABLE = YES;
				IPHONEOS_DEPLOYMENT_TARGET = 11.3;
				MTL_ENABLE_DEBUG_INFO = NO;
				SDKROOT = iphoneos;
				SWIFT_COMPILATION_MODE = wholemodule;
				SWIFT_OPTIMIZATION_LEVEL = "-O";
				VALIDATE_PRODUCT = YES;
				VERSIONING_SYSTEM = "apple-generic";
				VERSION_INFO_PREFIX = "";
			};
			name = Release;
		};
		0CE017F82077B09200633EFF /* Debug */ = {
			isa = XCBuildConfiguration;
			baseConfigurationReference = 96584ADFC27D1AFD9595A571 /* Pods-TasksKit.debug.xcconfig */;
			buildSettings = {
				APPLICATION_EXTENSION_API_ONLY = YES;
				CODE_SIGN_IDENTITY = "";
				CODE_SIGN_STYLE = Automatic;
				DEFINES_MODULE = YES;
				DEVELOPMENT_TEAM = 485UNLA592;
				DYLIB_COMPATIBILITY_VERSION = 1;
				DYLIB_CURRENT_VERSION = 1;
				DYLIB_INSTALL_NAME_BASE = "@rpath";
				INFOPLIST_FILE = TasksKit/Info.plist;
				INSTALL_PATH = "$(LOCAL_LIBRARY_DIR)/Frameworks";
				IPHONEOS_DEPLOYMENT_TARGET = 10.0;
				LD_RUNPATH_SEARCH_PATHS = (
					"$(inherited)",
					"@executable_path/Frameworks",
					"@loader_path/Frameworks",
				);
				PRODUCT_BUNDLE_IDENTIFIER = com.mesterra.TasksKit;
				PRODUCT_NAME = "$(TARGET_NAME:c99extidentifier)";
				SKIP_INSTALL = YES;
				SWIFT_ACTIVE_COMPILATION_CONDITIONS = "DEBUG MAIN_APPLICATION";
				SWIFT_VERSION = 5.0;
				TARGETED_DEVICE_FAMILY = "1,2";
			};
			name = Debug;
		};
		0CE017F92077B09200633EFF /* Release */ = {
			isa = XCBuildConfiguration;
			baseConfigurationReference = 39F78E4BBF3044E283A0A1D0 /* Pods-TasksKit.release.xcconfig */;
			buildSettings = {
				APPLICATION_EXTENSION_API_ONLY = YES;
				CODE_SIGN_IDENTITY = "";
				CODE_SIGN_STYLE = Automatic;
				DEFINES_MODULE = YES;
				DEVELOPMENT_TEAM = 485UNLA592;
				DYLIB_COMPATIBILITY_VERSION = 1;
				DYLIB_CURRENT_VERSION = 1;
				DYLIB_INSTALL_NAME_BASE = "@rpath";
				INFOPLIST_FILE = TasksKit/Info.plist;
				INSTALL_PATH = "$(LOCAL_LIBRARY_DIR)/Frameworks";
				IPHONEOS_DEPLOYMENT_TARGET = 10.0;
				LD_RUNPATH_SEARCH_PATHS = (
					"$(inherited)",
					"@executable_path/Frameworks",
					"@loader_path/Frameworks",
				);
				PRODUCT_BUNDLE_IDENTIFIER = com.mesterra.TasksKit;
				PRODUCT_NAME = "$(TARGET_NAME:c99extidentifier)";
				SKIP_INSTALL = YES;
				SWIFT_ACTIVE_COMPILATION_CONDITIONS = MAIN_APPLICATION;
				SWIFT_VERSION = 5.0;
				TARGETED_DEVICE_FAMILY = "1,2";
			};
			name = Release;
		};
/* End XCBuildConfiguration section */

/* Begin XCConfigurationList section */
		0CE017E92077B09200633EFF /* Build configuration list for PBXProject "TasksKit" */ = {
			isa = XCConfigurationList;
			buildConfigurations = (
				0CE017F52077B09200633EFF /* Debug */,
				0CE017F62077B09200633EFF /* Release */,
			);
			defaultConfigurationIsVisible = 0;
			defaultConfigurationName = Release;
		};
		0CE017F72077B09200633EFF /* Build configuration list for PBXNativeTarget "TasksKit" */ = {
			isa = XCConfigurationList;
			buildConfigurations = (
				0CE017F82077B09200633EFF /* Debug */,
				0CE017F92077B09200633EFF /* Release */,
			);
			defaultConfigurationIsVisible = 0;
			defaultConfigurationName = Release;
		};
/* End XCConfigurationList section */

/* Begin XCVersionGroup section */
		0CE018032077B24200633EFF /* Timmee.xcdatamodeld */ = {
			isa = XCVersionGroup;
			children = (
				963972052481307800BF141D /* Timmee8.xcdatamodel */,
				96C55A2123B7429F0091DC19 /* Timmee7.xcdatamodel */,
				0C4082E622E6E76A00D899A9 /* Timmee6.xcdatamodel */,
				9685BDE822BF7176005E5126 /* Timmee5.xcdatamodel */,
				960164952228676700E30580 /* Timmee4.xcdatamodel */,
				0CC4063721F0B1DC0069C6C5 /* Timmee3.xcdatamodel */,
				0C9999CE21E755D000DD2040 /* Timmee2.xcdatamodel */,
				0CE018042077B24200633EFF /* Timmee.xcdatamodel */,
			);
			currentVersion = 963972052481307800BF141D /* Timmee8.xcdatamodel */;
			path = Timmee.xcdatamodeld;
			sourceTree = "<group>";
			versionGroupType = wrapper.xcdatamodel;
		};
/* End XCVersionGroup section */
	};
	rootObject = 0CE017E62077B09200633EFF /* Project object */;
}
